
Microsoft Visual Studio Solution File, Format Version 12.00
# Visual Studio Version 17
VisualStudioVersion = 17.0.31903.59
MinimumVisualStudioVersion = 10.0.40219.1
Project("{2150E333-8FDC-42A3-9474-1A3956D46DE8}") = "backend", "backend", "{1AE8ACA6-933B-BF2A-3671-3E2EAC007D16}"
EndProject
Project("{2150E333-8FDC-42A3-9474-1A3956D46DE8}") = "BoundedContexts", "BoundedContexts", "{59DAC16F-E5A4-9D84-4471-E0B839C75E92}"
EndProject
Project("{2150E333-8FDC-42A3-9474-1A3956D46DE8}") = "Admin", "Admin", "{2F1BD957-4FD0-F1D3-521A-0EB49F7D515D}"
EndProject
Project("{2150E333-8FDC-42A3-9474-1A3956D46DE8}") = "API", "API", "{A444D23C-1DF0-B691-E973-AAFBD8C0F232}"
EndProject
Project("{FAE04EC0-301F-11D3-BF4B-00C04F79EFBC}") = "B2Connect.Admin", "backend\BoundedContexts\Admin\API\B2Connect.Admin.csproj", "{A2A84A65-3AB0-4B69-A637-483B9560B979}"
EndProject
Project("{2150E333-8FDC-42A3-9474-1A3956D46DE8}") = "ServiceDefaults", "ServiceDefaults", "{E0F35303-F421-C6B6-D2CE-743AE88EADC5}"
EndProject
Project("{FAE04EC0-301F-11D3-BF4B-00C04F79EFBC}") = "B2Connect.ServiceDefaults", "backend\ServiceDefaults\B2Connect.ServiceDefaults.csproj", "{08A3C498-5600-4A81-8BE0-95E1094EB047}"
EndProject
Project("{2150E333-8FDC-42A3-9474-1A3956D46DE8}") = "shared", "shared", "{B9B6650B-7025-C9C0-BCFD-BDEDF1640D80}"
EndProject
Project("{2150E333-8FDC-42A3-9474-1A3956D46DE8}") = "kernel", "kernel", "{791CA914-755A-421C-C6F8-9CC6BEDDAEB4}"
EndProject
Project("{FAE04EC0-301F-11D3-BF4B-00C04F79EFBC}") = "B2Connect.Shared.Kernel", "backend\shared\kernel\B2Connect.Shared.Kernel.csproj", "{EEEC2B7A-B575-41D8-860E-0E9A9EE184E6}"
EndProject
Project("{FAE04EC0-301F-11D3-BF4B-00C04F79EFBC}") = "B2Connect.Shared.Core", "backend\shared\B2Connect.Shared.Core\B2Connect.Shared.Core.csproj", "{49E49A50-2F58-4DA5-A7C7-D3C1EC9F992E}"
EndProject
Project("{2150E333-8FDC-42A3-9474-1A3956D46DE8}") = "middleware", "middleware", "{04619D81-A6B7-9447-1EB0-8BDE0DE0675B}"
EndProject
Project("{FAE04EC0-301F-11D3-BF4B-00C04F79EFBC}") = "B2Connect.Shared.Middleware", "backend\shared\middleware\B2Connect.Shared.Middleware.csproj", "{CD37DC3A-ED92-46F0-91CA-60919E612D07}"
EndProject
Project("{2150E333-8FDC-42A3-9474-1A3956D46DE8}") = "utils", "utils", "{42ADA49F-2370-6B87-B2C0-97F01C2E5563}"
EndProject
Project("{FAE04EC0-301F-11D3-BF4B-00C04F79EFBC}") = "B2Connect.Utils", "backend\shared\utils\B2Connect.Utils.csproj", "{88EFAF54-D0B2-4D8C-BEFD-AD4AEBB786B2}"
EndProject
Project("{FAE04EC0-301F-11D3-BF4B-00C04F79EFBC}") = "B2Connect.Shared.Infrastructure", "backend\shared\B2Connect.Shared.Infrastructure\B2Connect.Shared.Infrastructure.csproj", "{FAF66048-A30F-4DDE-A93F-F2F241F439D4}"
EndProject
Project("{2150E333-8FDC-42A3-9474-1A3956D46DE8}") = "Shared", "Shared", "{1CB37B5F-4388-D293-5ED7-4CB3C829EE0A}"
EndProject
Project("{2150E333-8FDC-42A3-9474-1A3956D46DE8}") = "Tenancy", "Tenancy", "{F6EB032B-D6E6-6D96-A853-6F48AA2A20AA}"
EndProject
Project("{FAE04EC0-301F-11D3-BF4B-00C04F79EFBC}") = "B2Connect.Tenancy.API", "backend\BoundedContexts\Shared\Tenancy\B2Connect.Tenancy.API.csproj", "{EEE71D5E-93A0-41FB-9FD0-9F2B71CD6E34}"
EndProject
Project("{FAE04EC0-301F-11D3-BF4B-00C04F79EFBC}") = "B2Connect.Shared.Messaging", "backend\shared\B2Connect.Shared.Messaging\B2Connect.Shared.Messaging.csproj", "{5E790A92-4E24-40BD-ACC6-472F2AAF8DD6}"
EndProject
Project("{2150E333-8FDC-42A3-9474-1A3956D46DE8}") = "Identity", "Identity", "{0089E4B7-C836-4FF0-0269-6C315241579F}"
EndProject
Project("{FAE04EC0-301F-11D3-BF4B-00C04F79EFBC}") = "B2Connect.Identity.API", "backend\BoundedContexts\Shared\Identity\B2Connect.Identity.API.csproj", "{D9534CCA-DC1C-4682-A969-2E45FA516BC8}"
EndProject
Project("{2150E333-8FDC-42A3-9474-1A3956D46DE8}") = "tests", "tests", "{4A760AB0-7546-DB64-7B8D-62E31B6020ED}"
EndProject
Project("{FAE04EC0-301F-11D3-BF4B-00C04F79EFBC}") = "B2Connect.Identity.Tests", "backend\BoundedContexts\Shared\Identity\tests\B2Connect.Identity.Tests.csproj", "{54A556E0-D541-47B6-A893-2157755212EB}"
EndProject
Project("{2150E333-8FDC-42A3-9474-1A3956D46DE8}") = "Search", "Search", "{49021989-10A3-A4A0-6490-F5751B99EE54}"
EndProject
Project("{FAE04EC0-301F-11D3-BF4B-00C04F79EFBC}") = "B2Connect.Shared.Search", "backend\BoundedContexts\Shared\Search\B2Connect.Shared.Search.csproj", "{1226C36D-C2DE-4CBD-9ACD-B39CEA48D03B}"
EndProject
Project("{2150E333-8FDC-42A3-9474-1A3956D46DE8}") = "tests", "tests", "{DF5489FA-5529-4457-32D2-054108999772}"
EndProject
Project("{FAE04EC0-301F-11D3-BF4B-00C04F79EFBC}") = "B2Connect.Shared.Search.Tests", "backend\BoundedContexts\Shared\Search\tests\B2Connect.Shared.Search.Tests.csproj", "{BCF90C0D-572C-4646-BA80-6B0EAB7B0554}"
EndProject
Project("{2150E333-8FDC-42A3-9474-1A3956D46DE8}") = "Store", "Store", "{409E6421-13AC-481F-BE22-7AFE5D278BE3}"
EndProject
Project("{2150E333-8FDC-42A3-9474-1A3956D46DE8}") = "API", "API", "{9B412BD8-38E0-D243-6D5C-ACF3AC5717A8}"
EndProject
Project("{FAE04EC0-301F-11D3-BF4B-00C04F79EFBC}") = "B2Connect.Store", "backend\BoundedContexts\Store\API\B2Connect.Store.csproj", "{0754FB8C-76E4-4294-A05C-1F8059ADE53B}"
EndProject
Project("{2150E333-8FDC-42A3-9474-1A3956D46DE8}") = "types", "types", "{3EF6778D-E632-D2E8-0743-F6F95A27F233}"
EndProject
Project("{FAE04EC0-301F-11D3-BF4B-00C04F79EFBC}") = "B2Connect.Types", "backend\shared\types\B2Connect.Types.csproj", "{CEB8D694-C6B4-4546-ACBE-8C9CCFA881E3}"
EndProject
Project("{2150E333-8FDC-42A3-9474-1A3956D46DE8}") = "Catalog", "Catalog", "{C0789DE5-9EC0-665E-422D-BE7B7D139168}"
EndProject
Project("{FAE04EC0-301F-11D3-BF4B-00C04F79EFBC}") = "B2Connect.Catalog.API", "backend\BoundedContexts\Store\Catalog\B2Connect.Catalog.API.csproj", "{95E880F2-A3CA-42C7-B8EC-A7D6F19F0793}"
EndProject
Project("{FAE04EC0-301F-11D3-BF4B-00C04F79EFBC}") = "B2Connect.Shared.Search", "backend\shared\B2Connect.Shared.Search\B2Connect.Shared.Search.csproj", "{51408AB1-E403-40E2-AF79-41448D91983F}"
EndProject
Project("{2150E333-8FDC-42A3-9474-1A3956D46DE8}") = "tests", "tests", "{50014439-5E65-1292-BD34-673D8CF5A7F5}"
EndProject
Project("{FAE04EC0-301F-11D3-BF4B-00C04F79EFBC}") = "B2Connect.Catalog.Tests", "backend\BoundedContexts\Store\Catalog\tests\B2Connect.Catalog.Tests.csproj", "{E8CB8450-D908-485F-8A30-3BD858CC8821}"
EndProject
Project("{2150E333-8FDC-42A3-9474-1A3956D46DE8}") = "CMS", "CMS", "{D85BD28E-1C7C-49BD-24D2-5AC693026555}"
EndProject
Project("{FAE04EC0-301F-11D3-BF4B-00C04F79EFBC}") = "B2Connect.CMS", "backend\BoundedContexts\Store\CMS\B2Connect.CMS.csproj", "{C6789376-0C15-4007-8C39-233B5F5AC448}"
EndProject
Project("{2150E333-8FDC-42A3-9474-1A3956D46DE8}") = "tests", "tests", "{C479E746-3529-ED7F-AB17-CA4AEBCD3DE0}"
EndProject
Project("{FAE04EC0-301F-11D3-BF4B-00C04F79EFBC}") = "B2Connect.CMS.Tests", "backend\BoundedContexts\Store\CMS\tests\B2Connect.CMS.Tests.csproj", "{9E62F348-2229-46F4-8675-82A93A4E57A5}"
EndProject
Project("{2150E333-8FDC-42A3-9474-1A3956D46DE8}") = "Localization", "Localization", "{F0C6A543-F05D-E94F-17FF-5429D1C301B0}"
EndProject
Project("{FAE04EC0-301F-11D3-BF4B-00C04F79EFBC}") = "B2Connect.Localization.API", "backend\BoundedContexts\Store\Localization\B2Connect.Localization.API.csproj", "{0F640ED7-378E-460E-BFDC-55BC85D93C86}"
EndProject
Project("{2150E333-8FDC-42A3-9474-1A3956D46DE8}") = "tests", "tests", "{E5592685-4B5D-ECF2-A783-DD95C6DD5F48}"
EndProject
Project("{FAE04EC0-301F-11D3-BF4B-00C04F79EFBC}") = "B2Connect.Localization.Tests", "backend\BoundedContexts\Store\Localization\tests\B2Connect.Localization.Tests.csproj", "{F33AD190-7EB8-499C-B0C5-5A9EF8AC256F}"
EndProject
Project("{2150E333-8FDC-42A3-9474-1A3956D46DE8}") = "Store.Service", "Store.Service", "{64C25A76-97A5-795F-A7FE-7C830492684B}"
EndProject
Project("{FAE04EC0-301F-11D3-BF4B-00C04F79EFBC}") = "B2Connect.Store", "backend\BoundedContexts\Store\Store.Service\B2Connect.Store.csproj", "{1FF552FE-A6C0-4CB0-870D-6F5F5D2C4327}"
EndProject
Project("{2150E333-8FDC-42A3-9474-1A3956D46DE8}") = "Theming", "Theming", "{8E737B1E-B78B-C06B-5007-B05E449DDA41}"
EndProject
Project("{FAE04EC0-301F-11D3-BF4B-00C04F79EFBC}") = "B2Connect.Theming.API", "backend\BoundedContexts\Store\Theming\B2Connect.Theming.API.csproj", "{1984851B-1489-4339-B57B-C16CFFEA5AB6}"
EndProject
Project("{2150E333-8FDC-42A3-9474-1A3956D46DE8}") = "Layout", "Layout", "{D558B722-8266-111B-295B-C92EB7783521}"
EndProject
Project("{FAE04EC0-301F-11D3-BF4B-00C04F79EFBC}") = "B2Connect.Theming.Layout", "backend\BoundedContexts\Store\Theming\Layout\B2Connect.Theming.Layout.csproj", "{1964782E-077C-4A4E-97A7-88EC2D326FAC}"
EndProject
Project("{2150E333-8FDC-42A3-9474-1A3956D46DE8}") = "Orchestration", "Orchestration", "{22524570-1785-2A65-2EDA-F103CF35654D}"
EndProject
Project("{FAE04EC0-301F-11D3-BF4B-00C04F79EFBC}") = "B2Connect.Orchestration", "backend\Orchestration\B2Connect.Orchestration.csproj", "{E21DD689-77E0-4714-86AD-312BE319A393}"
EndProject
Project("{2150E333-8FDC-42A3-9474-1A3956D46DE8}") = "B2Connect.Shared.Extensions", "B2Connect.Shared.Extensions", "{F5E82241-E5EC-1609-7A00-7B44F4C66B4A}"
EndProject
Project("{FAE04EC0-301F-11D3-BF4B-00C04F79EFBC}") = "B2Connect.Shared.Tools", "backend\shared\B2Connect.Shared.Extensions\B2Connect.Shared.Tools.csproj", "{56AA9AAB-E741-42E6-B7B3-F3A259567ED4}"
EndProject
Project("{2150E333-8FDC-42A3-9474-1A3956D46DE8}") = "B2Connect.Shared.Infrastructure", "B2Connect.Shared.Infrastructure", "{AEAE34C6-A9E9-E5B2-B4DD-E82910CDD208}"
EndProject
Project("{2150E333-8FDC-42A3-9474-1A3956D46DE8}") = "tests", "tests", "{FBB6A1E8-8DD2-6267-568F-754D4D5D24EB}"
EndProject
Project("{FAE04EC0-301F-11D3-BF4B-00C04F79EFBC}") = "B2Connect.Shared.Infrastructure.Tests", "backend\shared\B2Connect.Shared.Infrastructure\tests\B2Connect.Shared.Infrastructure.Tests.csproj", "{37591FF1-1871-4C20-BD99-C808E9C3A512}"
EndProject
Project("{2150E333-8FDC-42A3-9474-1A3956D46DE8}") = "tools", "tools", "{39F814BF-D33F-DC64-E527-5ACD3F0AFE33}"
EndProject
Project("{FAE04EC0-301F-11D3-BF4B-00C04F79EFBC}") = "B2Connect.Shared.Tools", "backend\shared\tools\B2Connect.Shared.Tools.csproj", "{799DF7D0-E119-4850-899F-662B9F92B084}"
EndProject
Project("{2150E333-8FDC-42A3-9474-1A3956D46DE8}") = "Tests", "Tests", "{F57642F3-C37C-D174-720E-6A6AAD5BEE22}"
EndProject
Project("{FAE04EC0-301F-11D3-BF4B-00C04F79EFBC}") = "B2Connect.Catalog.Tests", "backend\Tests\B2Connect.Catalog.Tests\B2Connect.Catalog.Tests.csproj", "{0FE0DA9F-5E82-4059-96D7-718F8CDF9F51}"
EndProject
Project("{FAE04EC0-301F-11D3-BF4B-00C04F79EFBC}") = "B2Connect.CMS.Tests", "backend\Tests\B2Connect.CMS.Tests\B2Connect.CMS.Tests.csproj", "{A6B0784B-1115-49F5-A589-F00E162CC436}"
EndProject
Project("{FAE04EC0-301F-11D3-BF4B-00C04F79EFBC}") = "B2Connect.Identity.Tests", "backend\Tests\B2Connect.Identity.Tests\B2Connect.Identity.Tests.csproj", "{FECC243F-8272-47CD-B2A7-286FE5520C3C}"
EndProject
Project("{FAE04EC0-301F-11D3-BF4B-00C04F79EFBC}") = "B2Connect.Shared.Search.Tests", "backend\Tests\B2Connect.Shared.Search.Tests\B2Connect.Shared.Search.Tests.csproj", "{438A78D5-13D9-4838-9DA4-34648FC7E1D8}"
EndProject
Global
	GlobalSection(SolutionConfigurationPlatforms) = preSolution
		Debug|Any CPU = Debug|Any CPU
		Debug|x64 = Debug|x64
		Debug|x86 = Debug|x86
		Release|Any CPU = Release|Any CPU
		Release|x64 = Release|x64
		Release|x86 = Release|x86
	EndGlobalSection
	GlobalSection(ProjectConfigurationPlatforms) = postSolution
		{A2A84A65-3AB0-4B69-A637-483B9560B979}.Debug|Any CPU.ActiveCfg = Debug|Any CPU
		{A2A84A65-3AB0-4B69-A637-483B9560B979}.Debug|Any CPU.Build.0 = Debug|Any CPU
		{A2A84A65-3AB0-4B69-A637-483B9560B979}.Debug|x64.ActiveCfg = Debug|Any CPU
		{A2A84A65-3AB0-4B69-A637-483B9560B979}.Debug|x64.Build.0 = Debug|Any CPU
		{A2A84A65-3AB0-4B69-A637-483B9560B979}.Debug|x86.ActiveCfg = Debug|Any CPU
		{A2A84A65-3AB0-4B69-A637-483B9560B979}.Debug|x86.Build.0 = Debug|Any CPU
		{A2A84A65-3AB0-4B69-A637-483B9560B979}.Release|Any CPU.ActiveCfg = Release|Any CPU
		{A2A84A65-3AB0-4B69-A637-483B9560B979}.Release|Any CPU.Build.0 = Release|Any CPU
		{A2A84A65-3AB0-4B69-A637-483B9560B979}.Release|x64.ActiveCfg = Release|Any CPU
		{A2A84A65-3AB0-4B69-A637-483B9560B979}.Release|x64.Build.0 = Release|Any CPU
		{A2A84A65-3AB0-4B69-A637-483B9560B979}.Release|x86.ActiveCfg = Release|Any CPU
		{A2A84A65-3AB0-4B69-A637-483B9560B979}.Release|x86.Build.0 = Release|Any CPU
		{08A3C498-5600-4A81-8BE0-95E1094EB047}.Debug|Any CPU.ActiveCfg = Debug|Any CPU
		{08A3C498-5600-4A81-8BE0-95E1094EB047}.Debug|Any CPU.Build.0 = Debug|Any CPU
		{08A3C498-5600-4A81-8BE0-95E1094EB047}.Debug|x64.ActiveCfg = Debug|Any CPU
		{08A3C498-5600-4A81-8BE0-95E1094EB047}.Debug|x64.Build.0 = Debug|Any CPU
		{08A3C498-5600-4A81-8BE0-95E1094EB047}.Debug|x86.ActiveCfg = Debug|Any CPU
		{08A3C498-5600-4A81-8BE0-95E1094EB047}.Debug|x86.Build.0 = Debug|Any CPU
		{08A3C498-5600-4A81-8BE0-95E1094EB047}.Release|Any CPU.ActiveCfg = Release|Any CPU
		{08A3C498-5600-4A81-8BE0-95E1094EB047}.Release|Any CPU.Build.0 = Release|Any CPU
		{08A3C498-5600-4A81-8BE0-95E1094EB047}.Release|x64.ActiveCfg = Release|Any CPU
		{08A3C498-5600-4A81-8BE0-95E1094EB047}.Release|x64.Build.0 = Release|Any CPU
		{08A3C498-5600-4A81-8BE0-95E1094EB047}.Release|x86.ActiveCfg = Release|Any CPU
		{08A3C498-5600-4A81-8BE0-95E1094EB047}.Release|x86.Build.0 = Release|Any CPU
		{EEEC2B7A-B575-41D8-860E-0E9A9EE184E6}.Debug|Any CPU.ActiveCfg = Debug|Any CPU
		{EEEC2B7A-B575-41D8-860E-0E9A9EE184E6}.Debug|Any CPU.Build.0 = Debug|Any CPU
		{EEEC2B7A-B575-41D8-860E-0E9A9EE184E6}.Debug|x64.ActiveCfg = Debug|Any CPU
		{EEEC2B7A-B575-41D8-860E-0E9A9EE184E6}.Debug|x64.Build.0 = Debug|Any CPU
		{EEEC2B7A-B575-41D8-860E-0E9A9EE184E6}.Debug|x86.ActiveCfg = Debug|Any CPU
		{EEEC2B7A-B575-41D8-860E-0E9A9EE184E6}.Debug|x86.Build.0 = Debug|Any CPU
		{EEEC2B7A-B575-41D8-860E-0E9A9EE184E6}.Release|Any CPU.ActiveCfg = Release|Any CPU
		{EEEC2B7A-B575-41D8-860E-0E9A9EE184E6}.Release|Any CPU.Build.0 = Release|Any CPU
		{EEEC2B7A-B575-41D8-860E-0E9A9EE184E6}.Release|x64.ActiveCfg = Release|Any CPU
		{EEEC2B7A-B575-41D8-860E-0E9A9EE184E6}.Release|x64.Build.0 = Release|Any CPU
		{EEEC2B7A-B575-41D8-860E-0E9A9EE184E6}.Release|x86.ActiveCfg = Release|Any CPU
		{EEEC2B7A-B575-41D8-860E-0E9A9EE184E6}.Release|x86.Build.0 = Release|Any CPU
		{49E49A50-2F58-4DA5-A7C7-D3C1EC9F992E}.Debug|Any CPU.ActiveCfg = Debug|Any CPU
		{49E49A50-2F58-4DA5-A7C7-D3C1EC9F992E}.Debug|Any CPU.Build.0 = Debug|Any CPU
		{49E49A50-2F58-4DA5-A7C7-D3C1EC9F992E}.Debug|x64.ActiveCfg = Debug|Any CPU
		{49E49A50-2F58-4DA5-A7C7-D3C1EC9F992E}.Debug|x64.Build.0 = Debug|Any CPU
		{49E49A50-2F58-4DA5-A7C7-D3C1EC9F992E}.Debug|x86.ActiveCfg = Debug|Any CPU
		{49E49A50-2F58-4DA5-A7C7-D3C1EC9F992E}.Debug|x86.Build.0 = Debug|Any CPU
		{49E49A50-2F58-4DA5-A7C7-D3C1EC9F992E}.Release|Any CPU.ActiveCfg = Release|Any CPU
		{49E49A50-2F58-4DA5-A7C7-D3C1EC9F992E}.Release|Any CPU.Build.0 = Release|Any CPU
		{49E49A50-2F58-4DA5-A7C7-D3C1EC9F992E}.Release|x64.ActiveCfg = Release|Any CPU
		{49E49A50-2F58-4DA5-A7C7-D3C1EC9F992E}.Release|x64.Build.0 = Release|Any CPU
		{49E49A50-2F58-4DA5-A7C7-D3C1EC9F992E}.Release|x86.ActiveCfg = Release|Any CPU
		{49E49A50-2F58-4DA5-A7C7-D3C1EC9F992E}.Release|x86.Build.0 = Release|Any CPU
		{CD37DC3A-ED92-46F0-91CA-60919E612D07}.Debug|Any CPU.ActiveCfg = Debug|Any CPU
		{CD37DC3A-ED92-46F0-91CA-60919E612D07}.Debug|Any CPU.Build.0 = Debug|Any CPU
		{CD37DC3A-ED92-46F0-91CA-60919E612D07}.Debug|x64.ActiveCfg = Debug|Any CPU
		{CD37DC3A-ED92-46F0-91CA-60919E612D07}.Debug|x64.Build.0 = Debug|Any CPU
		{CD37DC3A-ED92-46F0-91CA-60919E612D07}.Debug|x86.ActiveCfg = Debug|Any CPU
		{CD37DC3A-ED92-46F0-91CA-60919E612D07}.Debug|x86.Build.0 = Debug|Any CPU
		{CD37DC3A-ED92-46F0-91CA-60919E612D07}.Release|Any CPU.ActiveCfg = Release|Any CPU
		{CD37DC3A-ED92-46F0-91CA-60919E612D07}.Release|Any CPU.Build.0 = Release|Any CPU
		{CD37DC3A-ED92-46F0-91CA-60919E612D07}.Release|x64.ActiveCfg = Release|Any CPU
		{CD37DC3A-ED92-46F0-91CA-60919E612D07}.Release|x64.Build.0 = Release|Any CPU
		{CD37DC3A-ED92-46F0-91CA-60919E612D07}.Release|x86.ActiveCfg = Release|Any CPU
		{CD37DC3A-ED92-46F0-91CA-60919E612D07}.Release|x86.Build.0 = Release|Any CPU
		{88EFAF54-D0B2-4D8C-BEFD-AD4AEBB786B2}.Debug|Any CPU.ActiveCfg = Debug|Any CPU
		{88EFAF54-D0B2-4D8C-BEFD-AD4AEBB786B2}.Debug|Any CPU.Build.0 = Debug|Any CPU
		{88EFAF54-D0B2-4D8C-BEFD-AD4AEBB786B2}.Debug|x64.ActiveCfg = Debug|Any CPU
		{88EFAF54-D0B2-4D8C-BEFD-AD4AEBB786B2}.Debug|x64.Build.0 = Debug|Any CPU
		{88EFAF54-D0B2-4D8C-BEFD-AD4AEBB786B2}.Debug|x86.ActiveCfg = Debug|Any CPU
		{88EFAF54-D0B2-4D8C-BEFD-AD4AEBB786B2}.Debug|x86.Build.0 = Debug|Any CPU
		{88EFAF54-D0B2-4D8C-BEFD-AD4AEBB786B2}.Release|Any CPU.ActiveCfg = Release|Any CPU
		{88EFAF54-D0B2-4D8C-BEFD-AD4AEBB786B2}.Release|Any CPU.Build.0 = Release|Any CPU
		{88EFAF54-D0B2-4D8C-BEFD-AD4AEBB786B2}.Release|x64.ActiveCfg = Release|Any CPU
		{88EFAF54-D0B2-4D8C-BEFD-AD4AEBB786B2}.Release|x64.Build.0 = Release|Any CPU
		{88EFAF54-D0B2-4D8C-BEFD-AD4AEBB786B2}.Release|x86.ActiveCfg = Release|Any CPU
		{88EFAF54-D0B2-4D8C-BEFD-AD4AEBB786B2}.Release|x86.Build.0 = Release|Any CPU
		{FAF66048-A30F-4DDE-A93F-F2F241F439D4}.Debug|Any CPU.ActiveCfg = Debug|Any CPU
		{FAF66048-A30F-4DDE-A93F-F2F241F439D4}.Debug|Any CPU.Build.0 = Debug|Any CPU
		{FAF66048-A30F-4DDE-A93F-F2F241F439D4}.Debug|x64.ActiveCfg = Debug|Any CPU
		{FAF66048-A30F-4DDE-A93F-F2F241F439D4}.Debug|x64.Build.0 = Debug|Any CPU
		{FAF66048-A30F-4DDE-A93F-F2F241F439D4}.Debug|x86.ActiveCfg = Debug|Any CPU
		{FAF66048-A30F-4DDE-A93F-F2F241F439D4}.Debug|x86.Build.0 = Debug|Any CPU
		{FAF66048-A30F-4DDE-A93F-F2F241F439D4}.Release|Any CPU.ActiveCfg = Release|Any CPU
		{FAF66048-A30F-4DDE-A93F-F2F241F439D4}.Release|Any CPU.Build.0 = Release|Any CPU
		{FAF66048-A30F-4DDE-A93F-F2F241F439D4}.Release|x64.ActiveCfg = Release|Any CPU
		{FAF66048-A30F-4DDE-A93F-F2F241F439D4}.Release|x64.Build.0 = Release|Any CPU
		{FAF66048-A30F-4DDE-A93F-F2F241F439D4}.Release|x86.ActiveCfg = Release|Any CPU
		{FAF66048-A30F-4DDE-A93F-F2F241F439D4}.Release|x86.Build.0 = Release|Any CPU
		{EEE71D5E-93A0-41FB-9FD0-9F2B71CD6E34}.Debug|Any CPU.ActiveCfg = Debug|Any CPU
		{EEE71D5E-93A0-41FB-9FD0-9F2B71CD6E34}.Debug|Any CPU.Build.0 = Debug|Any CPU
		{EEE71D5E-93A0-41FB-9FD0-9F2B71CD6E34}.Debug|x64.ActiveCfg = Debug|Any CPU
		{EEE71D5E-93A0-41FB-9FD0-9F2B71CD6E34}.Debug|x64.Build.0 = Debug|Any CPU
		{EEE71D5E-93A0-41FB-9FD0-9F2B71CD6E34}.Debug|x86.ActiveCfg = Debug|Any CPU
		{EEE71D5E-93A0-41FB-9FD0-9F2B71CD6E34}.Debug|x86.Build.0 = Debug|Any CPU
		{EEE71D5E-93A0-41FB-9FD0-9F2B71CD6E34}.Release|Any CPU.ActiveCfg = Release|Any CPU
		{EEE71D5E-93A0-41FB-9FD0-9F2B71CD6E34}.Release|Any CPU.Build.0 = Release|Any CPU
		{EEE71D5E-93A0-41FB-9FD0-9F2B71CD6E34}.Release|x64.ActiveCfg = Release|Any CPU
		{EEE71D5E-93A0-41FB-9FD0-9F2B71CD6E34}.Release|x64.Build.0 = Release|Any CPU
		{EEE71D5E-93A0-41FB-9FD0-9F2B71CD6E34}.Release|x86.ActiveCfg = Release|Any CPU
		{EEE71D5E-93A0-41FB-9FD0-9F2B71CD6E34}.Release|x86.Build.0 = Release|Any CPU
		{5E790A92-4E24-40BD-ACC6-472F2AAF8DD6}.Debug|Any CPU.ActiveCfg = Debug|Any CPU
		{5E790A92-4E24-40BD-ACC6-472F2AAF8DD6}.Debug|Any CPU.Build.0 = Debug|Any CPU
		{5E790A92-4E24-40BD-ACC6-472F2AAF8DD6}.Debug|x64.ActiveCfg = Debug|Any CPU
		{5E790A92-4E24-40BD-ACC6-472F2AAF8DD6}.Debug|x64.Build.0 = Debug|Any CPU
		{5E790A92-4E24-40BD-ACC6-472F2AAF8DD6}.Debug|x86.ActiveCfg = Debug|Any CPU
		{5E790A92-4E24-40BD-ACC6-472F2AAF8DD6}.Debug|x86.Build.0 = Debug|Any CPU
		{5E790A92-4E24-40BD-ACC6-472F2AAF8DD6}.Release|Any CPU.ActiveCfg = Release|Any CPU
		{5E790A92-4E24-40BD-ACC6-472F2AAF8DD6}.Release|Any CPU.Build.0 = Release|Any CPU
		{5E790A92-4E24-40BD-ACC6-472F2AAF8DD6}.Release|x64.ActiveCfg = Release|Any CPU
		{5E790A92-4E24-40BD-ACC6-472F2AAF8DD6}.Release|x64.Build.0 = Release|Any CPU
		{5E790A92-4E24-40BD-ACC6-472F2AAF8DD6}.Release|x86.ActiveCfg = Release|Any CPU
		{5E790A92-4E24-40BD-ACC6-472F2AAF8DD6}.Release|x86.Build.0 = Release|Any CPU
		{D9534CCA-DC1C-4682-A969-2E45FA516BC8}.Debug|Any CPU.ActiveCfg = Debug|Any CPU
		{D9534CCA-DC1C-4682-A969-2E45FA516BC8}.Debug|Any CPU.Build.0 = Debug|Any CPU
		{D9534CCA-DC1C-4682-A969-2E45FA516BC8}.Debug|x64.ActiveCfg = Debug|Any CPU
		{D9534CCA-DC1C-4682-A969-2E45FA516BC8}.Debug|x64.Build.0 = Debug|Any CPU
		{D9534CCA-DC1C-4682-A969-2E45FA516BC8}.Debug|x86.ActiveCfg = Debug|Any CPU
		{D9534CCA-DC1C-4682-A969-2E45FA516BC8}.Debug|x86.Build.0 = Debug|Any CPU
		{D9534CCA-DC1C-4682-A969-2E45FA516BC8}.Release|Any CPU.ActiveCfg = Release|Any CPU
		{D9534CCA-DC1C-4682-A969-2E45FA516BC8}.Release|Any CPU.Build.0 = Release|Any CPU
		{D9534CCA-DC1C-4682-A969-2E45FA516BC8}.Release|x64.ActiveCfg = Release|Any CPU
		{D9534CCA-DC1C-4682-A969-2E45FA516BC8}.Release|x64.Build.0 = Release|Any CPU
		{D9534CCA-DC1C-4682-A969-2E45FA516BC8}.Release|x86.ActiveCfg = Release|Any CPU
		{D9534CCA-DC1C-4682-A969-2E45FA516BC8}.Release|x86.Build.0 = Release|Any CPU
		{54A556E0-D541-47B6-A893-2157755212EB}.Debug|Any CPU.ActiveCfg = Debug|Any CPU
		{54A556E0-D541-47B6-A893-2157755212EB}.Debug|Any CPU.Build.0 = Debug|Any CPU
		{54A556E0-D541-47B6-A893-2157755212EB}.Debug|x64.ActiveCfg = Debug|Any CPU
		{54A556E0-D541-47B6-A893-2157755212EB}.Debug|x64.Build.0 = Debug|Any CPU
		{54A556E0-D541-47B6-A893-2157755212EB}.Debug|x86.ActiveCfg = Debug|Any CPU
		{54A556E0-D541-47B6-A893-2157755212EB}.Debug|x86.Build.0 = Debug|Any CPU
		{54A556E0-D541-47B6-A893-2157755212EB}.Release|Any CPU.ActiveCfg = Release|Any CPU
		{54A556E0-D541-47B6-A893-2157755212EB}.Release|Any CPU.Build.0 = Release|Any CPU
		{54A556E0-D541-47B6-A893-2157755212EB}.Release|x64.ActiveCfg = Release|Any CPU
		{54A556E0-D541-47B6-A893-2157755212EB}.Release|x64.Build.0 = Release|Any CPU
		{54A556E0-D541-47B6-A893-2157755212EB}.Release|x86.ActiveCfg = Release|Any CPU
		{54A556E0-D541-47B6-A893-2157755212EB}.Release|x86.Build.0 = Release|Any CPU
		{1226C36D-C2DE-4CBD-9ACD-B39CEA48D03B}.Debug|Any CPU.ActiveCfg = Debug|Any CPU
		{1226C36D-C2DE-4CBD-9ACD-B39CEA48D03B}.Debug|Any CPU.Build.0 = Debug|Any CPU
		{1226C36D-C2DE-4CBD-9ACD-B39CEA48D03B}.Debug|x64.ActiveCfg = Debug|Any CPU
		{1226C36D-C2DE-4CBD-9ACD-B39CEA48D03B}.Debug|x64.Build.0 = Debug|Any CPU
		{1226C36D-C2DE-4CBD-9ACD-B39CEA48D03B}.Debug|x86.ActiveCfg = Debug|Any CPU
		{1226C36D-C2DE-4CBD-9ACD-B39CEA48D03B}.Debug|x86.Build.0 = Debug|Any CPU
		{1226C36D-C2DE-4CBD-9ACD-B39CEA48D03B}.Release|Any CPU.ActiveCfg = Release|Any CPU
		{1226C36D-C2DE-4CBD-9ACD-B39CEA48D03B}.Release|Any CPU.Build.0 = Release|Any CPU
		{1226C36D-C2DE-4CBD-9ACD-B39CEA48D03B}.Release|x64.ActiveCfg = Release|Any CPU
		{1226C36D-C2DE-4CBD-9ACD-B39CEA48D03B}.Release|x64.Build.0 = Release|Any CPU
		{1226C36D-C2DE-4CBD-9ACD-B39CEA48D03B}.Release|x86.ActiveCfg = Release|Any CPU
		{1226C36D-C2DE-4CBD-9ACD-B39CEA48D03B}.Release|x86.Build.0 = Release|Any CPU
		{BCF90C0D-572C-4646-BA80-6B0EAB7B0554}.Debug|Any CPU.ActiveCfg = Debug|Any CPU
		{BCF90C0D-572C-4646-BA80-6B0EAB7B0554}.Debug|Any CPU.Build.0 = Debug|Any CPU
		{BCF90C0D-572C-4646-BA80-6B0EAB7B0554}.Debug|x64.ActiveCfg = Debug|Any CPU
		{BCF90C0D-572C-4646-BA80-6B0EAB7B0554}.Debug|x64.Build.0 = Debug|Any CPU
		{BCF90C0D-572C-4646-BA80-6B0EAB7B0554}.Debug|x86.ActiveCfg = Debug|Any CPU
		{BCF90C0D-572C-4646-BA80-6B0EAB7B0554}.Debug|x86.Build.0 = Debug|Any CPU
		{BCF90C0D-572C-4646-BA80-6B0EAB7B0554}.Release|Any CPU.ActiveCfg = Release|Any CPU
		{BCF90C0D-572C-4646-BA80-6B0EAB7B0554}.Release|Any CPU.Build.0 = Release|Any CPU
		{BCF90C0D-572C-4646-BA80-6B0EAB7B0554}.Release|x64.ActiveCfg = Release|Any CPU
		{BCF90C0D-572C-4646-BA80-6B0EAB7B0554}.Release|x64.Build.0 = Release|Any CPU
		{BCF90C0D-572C-4646-BA80-6B0EAB7B0554}.Release|x86.ActiveCfg = Release|Any CPU
		{BCF90C0D-572C-4646-BA80-6B0EAB7B0554}.Release|x86.Build.0 = Release|Any CPU
		{0754FB8C-76E4-4294-A05C-1F8059ADE53B}.Debug|Any CPU.ActiveCfg = Debug|Any CPU
		{0754FB8C-76E4-4294-A05C-1F8059ADE53B}.Debug|Any CPU.Build.0 = Debug|Any CPU
		{0754FB8C-76E4-4294-A05C-1F8059ADE53B}.Debug|x64.ActiveCfg = Debug|Any CPU
		{0754FB8C-76E4-4294-A05C-1F8059ADE53B}.Debug|x64.Build.0 = Debug|Any CPU
		{0754FB8C-76E4-4294-A05C-1F8059ADE53B}.Debug|x86.ActiveCfg = Debug|Any CPU
		{0754FB8C-76E4-4294-A05C-1F8059ADE53B}.Debug|x86.Build.0 = Debug|Any CPU
		{0754FB8C-76E4-4294-A05C-1F8059ADE53B}.Release|Any CPU.ActiveCfg = Release|Any CPU
		{0754FB8C-76E4-4294-A05C-1F8059ADE53B}.Release|Any CPU.Build.0 = Release|Any CPU
		{0754FB8C-76E4-4294-A05C-1F8059ADE53B}.Release|x64.ActiveCfg = Release|Any CPU
		{0754FB8C-76E4-4294-A05C-1F8059ADE53B}.Release|x64.Build.0 = Release|Any CPU
		{0754FB8C-76E4-4294-A05C-1F8059ADE53B}.Release|x86.ActiveCfg = Release|Any CPU
		{0754FB8C-76E4-4294-A05C-1F8059ADE53B}.Release|x86.Build.0 = Release|Any CPU
		{CEB8D694-C6B4-4546-ACBE-8C9CCFA881E3}.Debug|Any CPU.ActiveCfg = Debug|Any CPU
		{CEB8D694-C6B4-4546-ACBE-8C9CCFA881E3}.Debug|Any CPU.Build.0 = Debug|Any CPU
		{CEB8D694-C6B4-4546-ACBE-8C9CCFA881E3}.Debug|x64.ActiveCfg = Debug|Any CPU
		{CEB8D694-C6B4-4546-ACBE-8C9CCFA881E3}.Debug|x64.Build.0 = Debug|Any CPU
		{CEB8D694-C6B4-4546-ACBE-8C9CCFA881E3}.Debug|x86.ActiveCfg = Debug|Any CPU
		{CEB8D694-C6B4-4546-ACBE-8C9CCFA881E3}.Debug|x86.Build.0 = Debug|Any CPU
		{CEB8D694-C6B4-4546-ACBE-8C9CCFA881E3}.Release|Any CPU.ActiveCfg = Release|Any CPU
		{CEB8D694-C6B4-4546-ACBE-8C9CCFA881E3}.Release|Any CPU.Build.0 = Release|Any CPU
		{CEB8D694-C6B4-4546-ACBE-8C9CCFA881E3}.Release|x64.ActiveCfg = Release|Any CPU
		{CEB8D694-C6B4-4546-ACBE-8C9CCFA881E3}.Release|x64.Build.0 = Release|Any CPU
		{CEB8D694-C6B4-4546-ACBE-8C9CCFA881E3}.Release|x86.ActiveCfg = Release|Any CPU
		{CEB8D694-C6B4-4546-ACBE-8C9CCFA881E3}.Release|x86.Build.0 = Release|Any CPU
		{95E880F2-A3CA-42C7-B8EC-A7D6F19F0793}.Debug|Any CPU.ActiveCfg = Debug|Any CPU
		{95E880F2-A3CA-42C7-B8EC-A7D6F19F0793}.Debug|Any CPU.Build.0 = Debug|Any CPU
		{95E880F2-A3CA-42C7-B8EC-A7D6F19F0793}.Debug|x64.ActiveCfg = Debug|Any CPU
		{95E880F2-A3CA-42C7-B8EC-A7D6F19F0793}.Debug|x64.Build.0 = Debug|Any CPU
		{95E880F2-A3CA-42C7-B8EC-A7D6F19F0793}.Debug|x86.ActiveCfg = Debug|Any CPU
		{95E880F2-A3CA-42C7-B8EC-A7D6F19F0793}.Debug|x86.Build.0 = Debug|Any CPU
		{95E880F2-A3CA-42C7-B8EC-A7D6F19F0793}.Release|Any CPU.ActiveCfg = Release|Any CPU
		{95E880F2-A3CA-42C7-B8EC-A7D6F19F0793}.Release|Any CPU.Build.0 = Release|Any CPU
		{95E880F2-A3CA-42C7-B8EC-A7D6F19F0793}.Release|x64.ActiveCfg = Release|Any CPU
		{95E880F2-A3CA-42C7-B8EC-A7D6F19F0793}.Release|x64.Build.0 = Release|Any CPU
		{95E880F2-A3CA-42C7-B8EC-A7D6F19F0793}.Release|x86.ActiveCfg = Release|Any CPU
		{95E880F2-A3CA-42C7-B8EC-A7D6F19F0793}.Release|x86.Build.0 = Release|Any CPU
		{51408AB1-E403-40E2-AF79-41448D91983F}.Debug|Any CPU.ActiveCfg = Debug|Any CPU
		{51408AB1-E403-40E2-AF79-41448D91983F}.Debug|Any CPU.Build.0 = Debug|Any CPU
		{51408AB1-E403-40E2-AF79-41448D91983F}.Debug|x64.ActiveCfg = Debug|Any CPU
		{51408AB1-E403-40E2-AF79-41448D91983F}.Debug|x64.Build.0 = Debug|Any CPU
		{51408AB1-E403-40E2-AF79-41448D91983F}.Debug|x86.ActiveCfg = Debug|Any CPU
		{51408AB1-E403-40E2-AF79-41448D91983F}.Debug|x86.Build.0 = Debug|Any CPU
		{51408AB1-E403-40E2-AF79-41448D91983F}.Release|Any CPU.ActiveCfg = Release|Any CPU
		{51408AB1-E403-40E2-AF79-41448D91983F}.Release|Any CPU.Build.0 = Release|Any CPU
		{51408AB1-E403-40E2-AF79-41448D91983F}.Release|x64.ActiveCfg = Release|Any CPU
		{51408AB1-E403-40E2-AF79-41448D91983F}.Release|x64.Build.0 = Release|Any CPU
		{51408AB1-E403-40E2-AF79-41448D91983F}.Release|x86.ActiveCfg = Release|Any CPU
		{51408AB1-E403-40E2-AF79-41448D91983F}.Release|x86.Build.0 = Release|Any CPU
		{E8CB8450-D908-485F-8A30-3BD858CC8821}.Debug|Any CPU.ActiveCfg = Debug|Any CPU
		{E8CB8450-D908-485F-8A30-3BD858CC8821}.Debug|Any CPU.Build.0 = Debug|Any CPU
		{E8CB8450-D908-485F-8A30-3BD858CC8821}.Debug|x64.ActiveCfg = Debug|Any CPU
		{E8CB8450-D908-485F-8A30-3BD858CC8821}.Debug|x64.Build.0 = Debug|Any CPU
		{E8CB8450-D908-485F-8A30-3BD858CC8821}.Debug|x86.ActiveCfg = Debug|Any CPU
		{E8CB8450-D908-485F-8A30-3BD858CC8821}.Debug|x86.Build.0 = Debug|Any CPU
		{E8CB8450-D908-485F-8A30-3BD858CC8821}.Release|Any CPU.ActiveCfg = Release|Any CPU
		{E8CB8450-D908-485F-8A30-3BD858CC8821}.Release|Any CPU.Build.0 = Release|Any CPU
		{E8CB8450-D908-485F-8A30-3BD858CC8821}.Release|x64.ActiveCfg = Release|Any CPU
		{E8CB8450-D908-485F-8A30-3BD858CC8821}.Release|x64.Build.0 = Release|Any CPU
		{E8CB8450-D908-485F-8A30-3BD858CC8821}.Release|x86.ActiveCfg = Release|Any CPU
		{E8CB8450-D908-485F-8A30-3BD858CC8821}.Release|x86.Build.0 = Release|Any CPU
		{C6789376-0C15-4007-8C39-233B5F5AC448}.Debug|Any CPU.ActiveCfg = Debug|Any CPU
		{C6789376-0C15-4007-8C39-233B5F5AC448}.Debug|Any CPU.Build.0 = Debug|Any CPU
		{C6789376-0C15-4007-8C39-233B5F5AC448}.Debug|x64.ActiveCfg = Debug|Any CPU
		{C6789376-0C15-4007-8C39-233B5F5AC448}.Debug|x64.Build.0 = Debug|Any CPU
		{C6789376-0C15-4007-8C39-233B5F5AC448}.Debug|x86.ActiveCfg = Debug|Any CPU
		{C6789376-0C15-4007-8C39-233B5F5AC448}.Debug|x86.Build.0 = Debug|Any CPU
		{C6789376-0C15-4007-8C39-233B5F5AC448}.Release|Any CPU.ActiveCfg = Release|Any CPU
		{C6789376-0C15-4007-8C39-233B5F5AC448}.Release|Any CPU.Build.0 = Release|Any CPU
		{C6789376-0C15-4007-8C39-233B5F5AC448}.Release|x64.ActiveCfg = Release|Any CPU
		{C6789376-0C15-4007-8C39-233B5F5AC448}.Release|x64.Build.0 = Release|Any CPU
		{C6789376-0C15-4007-8C39-233B5F5AC448}.Release|x86.ActiveCfg = Release|Any CPU
		{C6789376-0C15-4007-8C39-233B5F5AC448}.Release|x86.Build.0 = Release|Any CPU
		{9E62F348-2229-46F4-8675-82A93A4E57A5}.Debug|Any CPU.ActiveCfg = Debug|Any CPU
		{9E62F348-2229-46F4-8675-82A93A4E57A5}.Debug|Any CPU.Build.0 = Debug|Any CPU
		{9E62F348-2229-46F4-8675-82A93A4E57A5}.Debug|x64.ActiveCfg = Debug|Any CPU
		{9E62F348-2229-46F4-8675-82A93A4E57A5}.Debug|x64.Build.0 = Debug|Any CPU
		{9E62F348-2229-46F4-8675-82A93A4E57A5}.Debug|x86.ActiveCfg = Debug|Any CPU
		{9E62F348-2229-46F4-8675-82A93A4E57A5}.Debug|x86.Build.0 = Debug|Any CPU
		{9E62F348-2229-46F4-8675-82A93A4E57A5}.Release|Any CPU.ActiveCfg = Release|Any CPU
		{9E62F348-2229-46F4-8675-82A93A4E57A5}.Release|Any CPU.Build.0 = Release|Any CPU
		{9E62F348-2229-46F4-8675-82A93A4E57A5}.Release|x64.ActiveCfg = Release|Any CPU
		{9E62F348-2229-46F4-8675-82A93A4E57A5}.Release|x64.Build.0 = Release|Any CPU
		{9E62F348-2229-46F4-8675-82A93A4E57A5}.Release|x86.ActiveCfg = Release|Any CPU
		{9E62F348-2229-46F4-8675-82A93A4E57A5}.Release|x86.Build.0 = Release|Any CPU
		{0F640ED7-378E-460E-BFDC-55BC85D93C86}.Debug|Any CPU.ActiveCfg = Debug|Any CPU
		{0F640ED7-378E-460E-BFDC-55BC85D93C86}.Debug|Any CPU.Build.0 = Debug|Any CPU
		{0F640ED7-378E-460E-BFDC-55BC85D93C86}.Debug|x64.ActiveCfg = Debug|Any CPU
		{0F640ED7-378E-460E-BFDC-55BC85D93C86}.Debug|x64.Build.0 = Debug|Any CPU
		{0F640ED7-378E-460E-BFDC-55BC85D93C86}.Debug|x86.ActiveCfg = Debug|Any CPU
		{0F640ED7-378E-460E-BFDC-55BC85D93C86}.Debug|x86.Build.0 = Debug|Any CPU
		{0F640ED7-378E-460E-BFDC-55BC85D93C86}.Release|Any CPU.ActiveCfg = Release|Any CPU
		{0F640ED7-378E-460E-BFDC-55BC85D93C86}.Release|Any CPU.Build.0 = Release|Any CPU
		{0F640ED7-378E-460E-BFDC-55BC85D93C86}.Release|x64.ActiveCfg = Release|Any CPU
		{0F640ED7-378E-460E-BFDC-55BC85D93C86}.Release|x64.Build.0 = Release|Any CPU
		{0F640ED7-378E-460E-BFDC-55BC85D93C86}.Release|x86.ActiveCfg = Release|Any CPU
		{0F640ED7-378E-460E-BFDC-55BC85D93C86}.Release|x86.Build.0 = Release|Any CPU
		{F33AD190-7EB8-499C-B0C5-5A9EF8AC256F}.Debug|Any CPU.ActiveCfg = Debug|Any CPU
		{F33AD190-7EB8-499C-B0C5-5A9EF8AC256F}.Debug|Any CPU.Build.0 = Debug|Any CPU
		{F33AD190-7EB8-499C-B0C5-5A9EF8AC256F}.Debug|x64.ActiveCfg = Debug|Any CPU
		{F33AD190-7EB8-499C-B0C5-5A9EF8AC256F}.Debug|x64.Build.0 = Debug|Any CPU
		{F33AD190-7EB8-499C-B0C5-5A9EF8AC256F}.Debug|x86.ActiveCfg = Debug|Any CPU
		{F33AD190-7EB8-499C-B0C5-5A9EF8AC256F}.Debug|x86.Build.0 = Debug|Any CPU
		{F33AD190-7EB8-499C-B0C5-5A9EF8AC256F}.Release|Any CPU.ActiveCfg = Release|Any CPU
		{F33AD190-7EB8-499C-B0C5-5A9EF8AC256F}.Release|Any CPU.Build.0 = Release|Any CPU
		{F33AD190-7EB8-499C-B0C5-5A9EF8AC256F}.Release|x64.ActiveCfg = Release|Any CPU
		{F33AD190-7EB8-499C-B0C5-5A9EF8AC256F}.Release|x64.Build.0 = Release|Any CPU
		{F33AD190-7EB8-499C-B0C5-5A9EF8AC256F}.Release|x86.ActiveCfg = Release|Any CPU
		{F33AD190-7EB8-499C-B0C5-5A9EF8AC256F}.Release|x86.Build.0 = Release|Any CPU
		{1FF552FE-A6C0-4CB0-870D-6F5F5D2C4327}.Debug|Any CPU.ActiveCfg = Debug|Any CPU
		{1FF552FE-A6C0-4CB0-870D-6F5F5D2C4327}.Debug|Any CPU.Build.0 = Debug|Any CPU
		{1FF552FE-A6C0-4CB0-870D-6F5F5D2C4327}.Debug|x64.ActiveCfg = Debug|Any CPU
		{1FF552FE-A6C0-4CB0-870D-6F5F5D2C4327}.Debug|x64.Build.0 = Debug|Any CPU
		{1FF552FE-A6C0-4CB0-870D-6F5F5D2C4327}.Debug|x86.ActiveCfg = Debug|Any CPU
		{1FF552FE-A6C0-4CB0-870D-6F5F5D2C4327}.Debug|x86.Build.0 = Debug|Any CPU
		{1FF552FE-A6C0-4CB0-870D-6F5F5D2C4327}.Release|Any CPU.ActiveCfg = Release|Any CPU
		{1FF552FE-A6C0-4CB0-870D-6F5F5D2C4327}.Release|Any CPU.Build.0 = Release|Any CPU
		{1FF552FE-A6C0-4CB0-870D-6F5F5D2C4327}.Release|x64.ActiveCfg = Release|Any CPU
		{1FF552FE-A6C0-4CB0-870D-6F5F5D2C4327}.Release|x64.Build.0 = Release|Any CPU
		{1FF552FE-A6C0-4CB0-870D-6F5F5D2C4327}.Release|x86.ActiveCfg = Release|Any CPU
		{1FF552FE-A6C0-4CB0-870D-6F5F5D2C4327}.Release|x86.Build.0 = Release|Any CPU
		{1984851B-1489-4339-B57B-C16CFFEA5AB6}.Debug|Any CPU.ActiveCfg = Debug|Any CPU
		{1984851B-1489-4339-B57B-C16CFFEA5AB6}.Debug|Any CPU.Build.0 = Debug|Any CPU
		{1984851B-1489-4339-B57B-C16CFFEA5AB6}.Debug|x64.ActiveCfg = Debug|Any CPU
		{1984851B-1489-4339-B57B-C16CFFEA5AB6}.Debug|x64.Build.0 = Debug|Any CPU
		{1984851B-1489-4339-B57B-C16CFFEA5AB6}.Debug|x86.ActiveCfg = Debug|Any CPU
		{1984851B-1489-4339-B57B-C16CFFEA5AB6}.Debug|x86.Build.0 = Debug|Any CPU
		{1984851B-1489-4339-B57B-C16CFFEA5AB6}.Release|Any CPU.ActiveCfg = Release|Any CPU
		{1984851B-1489-4339-B57B-C16CFFEA5AB6}.Release|Any CPU.Build.0 = Release|Any CPU
		{1984851B-1489-4339-B57B-C16CFFEA5AB6}.Release|x64.ActiveCfg = Release|Any CPU
		{1984851B-1489-4339-B57B-C16CFFEA5AB6}.Release|x64.Build.0 = Release|Any CPU
		{1984851B-1489-4339-B57B-C16CFFEA5AB6}.Release|x86.ActiveCfg = Release|Any CPU
		{1984851B-1489-4339-B57B-C16CFFEA5AB6}.Release|x86.Build.0 = Release|Any CPU
		{1964782E-077C-4A4E-97A7-88EC2D326FAC}.Debug|Any CPU.ActiveCfg = Debug|Any CPU
		{1964782E-077C-4A4E-97A7-88EC2D326FAC}.Debug|Any CPU.Build.0 = Debug|Any CPU
		{1964782E-077C-4A4E-97A7-88EC2D326FAC}.Debug|x64.ActiveCfg = Debug|Any CPU
		{1964782E-077C-4A4E-97A7-88EC2D326FAC}.Debug|x64.Build.0 = Debug|Any CPU
		{1964782E-077C-4A4E-97A7-88EC2D326FAC}.Debug|x86.ActiveCfg = Debug|Any CPU
		{1964782E-077C-4A4E-97A7-88EC2D326FAC}.Debug|x86.Build.0 = Debug|Any CPU
		{1964782E-077C-4A4E-97A7-88EC2D326FAC}.Release|Any CPU.ActiveCfg = Release|Any CPU
		{1964782E-077C-4A4E-97A7-88EC2D326FAC}.Release|Any CPU.Build.0 = Release|Any CPU
		{1964782E-077C-4A4E-97A7-88EC2D326FAC}.Release|x64.ActiveCfg = Release|Any CPU
		{1964782E-077C-4A4E-97A7-88EC2D326FAC}.Release|x64.Build.0 = Release|Any CPU
		{1964782E-077C-4A4E-97A7-88EC2D326FAC}.Release|x86.ActiveCfg = Release|Any CPU
		{1964782E-077C-4A4E-97A7-88EC2D326FAC}.Release|x86.Build.0 = Release|Any CPU
		{E21DD689-77E0-4714-86AD-312BE319A393}.Debug|Any CPU.ActiveCfg = Debug|Any CPU
		{E21DD689-77E0-4714-86AD-312BE319A393}.Debug|Any CPU.Build.0 = Debug|Any CPU
		{E21DD689-77E0-4714-86AD-312BE319A393}.Debug|x64.ActiveCfg = Debug|Any CPU
		{E21DD689-77E0-4714-86AD-312BE319A393}.Debug|x64.Build.0 = Debug|Any CPU
		{E21DD689-77E0-4714-86AD-312BE319A393}.Debug|x86.ActiveCfg = Debug|Any CPU
		{E21DD689-77E0-4714-86AD-312BE319A393}.Debug|x86.Build.0 = Debug|Any CPU
		{E21DD689-77E0-4714-86AD-312BE319A393}.Release|Any CPU.ActiveCfg = Release|Any CPU
		{E21DD689-77E0-4714-86AD-312BE319A393}.Release|Any CPU.Build.0 = Release|Any CPU
		{E21DD689-77E0-4714-86AD-312BE319A393}.Release|x64.ActiveCfg = Release|Any CPU
		{E21DD689-77E0-4714-86AD-312BE319A393}.Release|x64.Build.0 = Release|Any CPU
		{E21DD689-77E0-4714-86AD-312BE319A393}.Release|x86.ActiveCfg = Release|Any CPU
		{E21DD689-77E0-4714-86AD-312BE319A393}.Release|x86.Build.0 = Release|Any CPU
		{56AA9AAB-E741-42E6-B7B3-F3A259567ED4}.Debug|Any CPU.ActiveCfg = Debug|Any CPU
		{56AA9AAB-E741-42E6-B7B3-F3A259567ED4}.Debug|Any CPU.Build.0 = Debug|Any CPU
		{56AA9AAB-E741-42E6-B7B3-F3A259567ED4}.Debug|x64.ActiveCfg = Debug|Any CPU
		{56AA9AAB-E741-42E6-B7B3-F3A259567ED4}.Debug|x64.Build.0 = Debug|Any CPU
		{56AA9AAB-E741-42E6-B7B3-F3A259567ED4}.Debug|x86.ActiveCfg = Debug|Any CPU
		{56AA9AAB-E741-42E6-B7B3-F3A259567ED4}.Debug|x86.Build.0 = Debug|Any CPU
		{56AA9AAB-E741-42E6-B7B3-F3A259567ED4}.Release|Any CPU.ActiveCfg = Release|Any CPU
		{56AA9AAB-E741-42E6-B7B3-F3A259567ED4}.Release|Any CPU.Build.0 = Release|Any CPU
		{56AA9AAB-E741-42E6-B7B3-F3A259567ED4}.Release|x64.ActiveCfg = Release|Any CPU
		{56AA9AAB-E741-42E6-B7B3-F3A259567ED4}.Release|x64.Build.0 = Release|Any CPU
		{56AA9AAB-E741-42E6-B7B3-F3A259567ED4}.Release|x86.ActiveCfg = Release|Any CPU
		{56AA9AAB-E741-42E6-B7B3-F3A259567ED4}.Release|x86.Build.0 = Release|Any CPU
		{37591FF1-1871-4C20-BD99-C808E9C3A512}.Debug|Any CPU.ActiveCfg = Debug|Any CPU
		{37591FF1-1871-4C20-BD99-C808E9C3A512}.Debug|Any CPU.Build.0 = Debug|Any CPU
		{37591FF1-1871-4C20-BD99-C808E9C3A512}.Debug|x64.ActiveCfg = Debug|Any CPU
		{37591FF1-1871-4C20-BD99-C808E9C3A512}.Debug|x64.Build.0 = Debug|Any CPU
		{37591FF1-1871-4C20-BD99-C808E9C3A512}.Debug|x86.ActiveCfg = Debug|Any CPU
		{37591FF1-1871-4C20-BD99-C808E9C3A512}.Debug|x86.Build.0 = Debug|Any CPU
		{37591FF1-1871-4C20-BD99-C808E9C3A512}.Release|Any CPU.ActiveCfg = Release|Any CPU
		{37591FF1-1871-4C20-BD99-C808E9C3A512}.Release|Any CPU.Build.0 = Release|Any CPU
		{37591FF1-1871-4C20-BD99-C808E9C3A512}.Release|x64.ActiveCfg = Release|Any CPU
		{37591FF1-1871-4C20-BD99-C808E9C3A512}.Release|x64.Build.0 = Release|Any CPU
		{37591FF1-1871-4C20-BD99-C808E9C3A512}.Release|x86.ActiveCfg = Release|Any CPU
		{37591FF1-1871-4C20-BD99-C808E9C3A512}.Release|x86.Build.0 = Release|Any CPU
		{799DF7D0-E119-4850-899F-662B9F92B084}.Debug|Any CPU.ActiveCfg = Debug|Any CPU
		{799DF7D0-E119-4850-899F-662B9F92B084}.Debug|Any CPU.Build.0 = Debug|Any CPU
		{799DF7D0-E119-4850-899F-662B9F92B084}.Debug|x64.ActiveCfg = Debug|Any CPU
		{799DF7D0-E119-4850-899F-662B9F92B084}.Debug|x64.Build.0 = Debug|Any CPU
		{799DF7D0-E119-4850-899F-662B9F92B084}.Debug|x86.ActiveCfg = Debug|Any CPU
		{799DF7D0-E119-4850-899F-662B9F92B084}.Debug|x86.Build.0 = Debug|Any CPU
		{799DF7D0-E119-4850-899F-662B9F92B084}.Release|Any CPU.ActiveCfg = Release|Any CPU
		{799DF7D0-E119-4850-899F-662B9F92B084}.Release|Any CPU.Build.0 = Release|Any CPU
		{799DF7D0-E119-4850-899F-662B9F92B084}.Release|x64.ActiveCfg = Release|Any CPU
		{799DF7D0-E119-4850-899F-662B9F92B084}.Release|x64.Build.0 = Release|Any CPU
		{799DF7D0-E119-4850-899F-662B9F92B084}.Release|x86.ActiveCfg = Release|Any CPU
		{799DF7D0-E119-4850-899F-662B9F92B084}.Release|x86.Build.0 = Release|Any CPU
		{0FE0DA9F-5E82-4059-96D7-718F8CDF9F51}.Debug|Any CPU.ActiveCfg = Debug|Any CPU
		{0FE0DA9F-5E82-4059-96D7-718F8CDF9F51}.Debug|Any CPU.Build.0 = Debug|Any CPU
		{0FE0DA9F-5E82-4059-96D7-718F8CDF9F51}.Debug|x64.ActiveCfg = Debug|Any CPU
		{0FE0DA9F-5E82-4059-96D7-718F8CDF9F51}.Debug|x64.Build.0 = Debug|Any CPU
		{0FE0DA9F-5E82-4059-96D7-718F8CDF9F51}.Debug|x86.ActiveCfg = Debug|Any CPU
		{0FE0DA9F-5E82-4059-96D7-718F8CDF9F51}.Debug|x86.Build.0 = Debug|Any CPU
		{0FE0DA9F-5E82-4059-96D7-718F8CDF9F51}.Release|Any CPU.ActiveCfg = Release|Any CPU
		{0FE0DA9F-5E82-4059-96D7-718F8CDF9F51}.Release|Any CPU.Build.0 = Release|Any CPU
		{0FE0DA9F-5E82-4059-96D7-718F8CDF9F51}.Release|x64.ActiveCfg = Release|Any CPU
		{0FE0DA9F-5E82-4059-96D7-718F8CDF9F51}.Release|x64.Build.0 = Release|Any CPU
		{0FE0DA9F-5E82-4059-96D7-718F8CDF9F51}.Release|x86.ActiveCfg = Release|Any CPU
		{0FE0DA9F-5E82-4059-96D7-718F8CDF9F51}.Release|x86.Build.0 = Release|Any CPU
		{A6B0784B-1115-49F5-A589-F00E162CC436}.Debug|Any CPU.ActiveCfg = Debug|Any CPU
		{A6B0784B-1115-49F5-A589-F00E162CC436}.Debug|Any CPU.Build.0 = Debug|Any CPU
		{A6B0784B-1115-49F5-A589-F00E162CC436}.Debug|x64.ActiveCfg = Debug|Any CPU
		{A6B0784B-1115-49F5-A589-F00E162CC436}.Debug|x64.Build.0 = Debug|Any CPU
		{A6B0784B-1115-49F5-A589-F00E162CC436}.Debug|x86.ActiveCfg = Debug|Any CPU
		{A6B0784B-1115-49F5-A589-F00E162CC436}.Debug|x86.Build.0 = Debug|Any CPU
		{A6B0784B-1115-49F5-A589-F00E162CC436}.Release|Any CPU.ActiveCfg = Release|Any CPU
		{A6B0784B-1115-49F5-A589-F00E162CC436}.Release|Any CPU.Build.0 = Release|Any CPU
		{A6B0784B-1115-49F5-A589-F00E162CC436}.Release|x64.ActiveCfg = Release|Any CPU
		{A6B0784B-1115-49F5-A589-F00E162CC436}.Release|x64.Build.0 = Release|Any CPU
		{A6B0784B-1115-49F5-A589-F00E162CC436}.Release|x86.ActiveCfg = Release|Any CPU
		{A6B0784B-1115-49F5-A589-F00E162CC436}.Release|x86.Build.0 = Release|Any CPU
		{FECC243F-8272-47CD-B2A7-286FE5520C3C}.Debug|Any CPU.ActiveCfg = Debug|Any CPU
		{FECC243F-8272-47CD-B2A7-286FE5520C3C}.Debug|Any CPU.Build.0 = Debug|Any CPU
		{FECC243F-8272-47CD-B2A7-286FE5520C3C}.Debug|x64.ActiveCfg = Debug|Any CPU
		{FECC243F-8272-47CD-B2A7-286FE5520C3C}.Debug|x64.Build.0 = Debug|Any CPU
		{FECC243F-8272-47CD-B2A7-286FE5520C3C}.Debug|x86.ActiveCfg = Debug|Any CPU
		{FECC243F-8272-47CD-B2A7-286FE5520C3C}.Debug|x86.Build.0 = Debug|Any CPU
		{FECC243F-8272-47CD-B2A7-286FE5520C3C}.Release|Any CPU.ActiveCfg = Release|Any CPU
		{FECC243F-8272-47CD-B2A7-286FE5520C3C}.Release|Any CPU.Build.0 = Release|Any CPU
		{FECC243F-8272-47CD-B2A7-286FE5520C3C}.Release|x64.ActiveCfg = Release|Any CPU
		{FECC243F-8272-47CD-B2A7-286FE5520C3C}.Release|x64.Build.0 = Release|Any CPU
		{FECC243F-8272-47CD-B2A7-286FE5520C3C}.Release|x86.ActiveCfg = Release|Any CPU
		{FECC243F-8272-47CD-B2A7-286FE5520C3C}.Release|x86.Build.0 = Release|Any CPU
		{438A78D5-13D9-4838-9DA4-34648FC7E1D8}.Debug|Any CPU.ActiveCfg = Debug|Any CPU
		{438A78D5-13D9-4838-9DA4-34648FC7E1D8}.Debug|Any CPU.Build.0 = Debug|Any CPU
		{438A78D5-13D9-4838-9DA4-34648FC7E1D8}.Debug|x64.ActiveCfg = Debug|Any CPU
		{438A78D5-13D9-4838-9DA4-34648FC7E1D8}.Debug|x64.Build.0 = Debug|Any CPU
		{438A78D5-13D9-4838-9DA4-34648FC7E1D8}.Debug|x86.ActiveCfg = Debug|Any CPU
		{438A78D5-13D9-4838-9DA4-34648FC7E1D8}.Debug|x86.Build.0 = Debug|Any CPU
		{438A78D5-13D9-4838-9DA4-34648FC7E1D8}.Release|Any CPU.ActiveCfg = Release|Any CPU
		{438A78D5-13D9-4838-9DA4-34648FC7E1D8}.Release|Any CPU.Build.0 = Release|Any CPU
		{438A78D5-13D9-4838-9DA4-34648FC7E1D8}.Release|x64.ActiveCfg = Release|Any CPU
		{438A78D5-13D9-4838-9DA4-34648FC7E1D8}.Release|x64.Build.0 = Release|Any CPU
		{438A78D5-13D9-4838-9DA4-34648FC7E1D8}.Release|x86.ActiveCfg = Release|Any CPU
		{438A78D5-13D9-4838-9DA4-34648FC7E1D8}.Release|x86.Build.0 = Release|Any CPU
	EndGlobalSection
	GlobalSection(SolutionProperties) = preSolution
		HideSolutionNode = FALSE
	EndGlobalSection
	GlobalSection(NestedProjects) = preSolution
		{59DAC16F-E5A4-9D84-4471-E0B839C75E92} = {1AE8ACA6-933B-BF2A-3671-3E2EAC007D16}
		{2F1BD957-4FD0-F1D3-521A-0EB49F7D515D} = {59DAC16F-E5A4-9D84-4471-E0B839C75E92}
		{A444D23C-1DF0-B691-E973-AAFBD8C0F232} = {2F1BD957-4FD0-F1D3-521A-0EB49F7D515D}
		{A2A84A65-3AB0-4B69-A637-483B9560B979} = {A444D23C-1DF0-B691-E973-AAFBD8C0F232}
		{E0F35303-F421-C6B6-D2CE-743AE88EADC5} = {1AE8ACA6-933B-BF2A-3671-3E2EAC007D16}
		{08A3C498-5600-4A81-8BE0-95E1094EB047} = {E0F35303-F421-C6B6-D2CE-743AE88EADC5}
		{B9B6650B-7025-C9C0-BCFD-BDEDF1640D80} = {1AE8ACA6-933B-BF2A-3671-3E2EAC007D16}
		{791CA914-755A-421C-C6F8-9CC6BEDDAEB4} = {B9B6650B-7025-C9C0-BCFD-BDEDF1640D80}
		{EEEC2B7A-B575-41D8-860E-0E9A9EE184E6} = {791CA914-755A-421C-C6F8-9CC6BEDDAEB4}
		{49E49A50-2F58-4DA5-A7C7-D3C1EC9F992E} = {B9B6650B-7025-C9C0-BCFD-BDEDF1640D80}
		{04619D81-A6B7-9447-1EB0-8BDE0DE0675B} = {B9B6650B-7025-C9C0-BCFD-BDEDF1640D80}
		{CD37DC3A-ED92-46F0-91CA-60919E612D07} = {04619D81-A6B7-9447-1EB0-8BDE0DE0675B}
		{42ADA49F-2370-6B87-B2C0-97F01C2E5563} = {B9B6650B-7025-C9C0-BCFD-BDEDF1640D80}
		{88EFAF54-D0B2-4D8C-BEFD-AD4AEBB786B2} = {42ADA49F-2370-6B87-B2C0-97F01C2E5563}
		{FAF66048-A30F-4DDE-A93F-F2F241F439D4} = {B9B6650B-7025-C9C0-BCFD-BDEDF1640D80}
		{1CB37B5F-4388-D293-5ED7-4CB3C829EE0A} = {59DAC16F-E5A4-9D84-4471-E0B839C75E92}
		{F6EB032B-D6E6-6D96-A853-6F48AA2A20AA} = {1CB37B5F-4388-D293-5ED7-4CB3C829EE0A}
		{EEE71D5E-93A0-41FB-9FD0-9F2B71CD6E34} = {F6EB032B-D6E6-6D96-A853-6F48AA2A20AA}
		{5E790A92-4E24-40BD-ACC6-472F2AAF8DD6} = {B9B6650B-7025-C9C0-BCFD-BDEDF1640D80}
		{0089E4B7-C836-4FF0-0269-6C315241579F} = {1CB37B5F-4388-D293-5ED7-4CB3C829EE0A}
		{D9534CCA-DC1C-4682-A969-2E45FA516BC8} = {0089E4B7-C836-4FF0-0269-6C315241579F}
		{4A760AB0-7546-DB64-7B8D-62E31B6020ED} = {0089E4B7-C836-4FF0-0269-6C315241579F}
		{54A556E0-D541-47B6-A893-2157755212EB} = {4A760AB0-7546-DB64-7B8D-62E31B6020ED}
		{49021989-10A3-A4A0-6490-F5751B99EE54} = {1CB37B5F-4388-D293-5ED7-4CB3C829EE0A}
		{1226C36D-C2DE-4CBD-9ACD-B39CEA48D03B} = {49021989-10A3-A4A0-6490-F5751B99EE54}
		{DF5489FA-5529-4457-32D2-054108999772} = {49021989-10A3-A4A0-6490-F5751B99EE54}
		{BCF90C0D-572C-4646-BA80-6B0EAB7B0554} = {DF5489FA-5529-4457-32D2-054108999772}
		{409E6421-13AC-481F-BE22-7AFE5D278BE3} = {59DAC16F-E5A4-9D84-4471-E0B839C75E92}
		{9B412BD8-38E0-D243-6D5C-ACF3AC5717A8} = {409E6421-13AC-481F-BE22-7AFE5D278BE3}
		{0754FB8C-76E4-4294-A05C-1F8059ADE53B} = {9B412BD8-38E0-D243-6D5C-ACF3AC5717A8}
		{3EF6778D-E632-D2E8-0743-F6F95A27F233} = {B9B6650B-7025-C9C0-BCFD-BDEDF1640D80}
		{CEB8D694-C6B4-4546-ACBE-8C9CCFA881E3} = {3EF6778D-E632-D2E8-0743-F6F95A27F233}
		{C0789DE5-9EC0-665E-422D-BE7B7D139168} = {409E6421-13AC-481F-BE22-7AFE5D278BE3}
		{95E880F2-A3CA-42C7-B8EC-A7D6F19F0793} = {C0789DE5-9EC0-665E-422D-BE7B7D139168}
		{51408AB1-E403-40E2-AF79-41448D91983F} = {B9B6650B-7025-C9C0-BCFD-BDEDF1640D80}
		{50014439-5E65-1292-BD34-673D8CF5A7F5} = {C0789DE5-9EC0-665E-422D-BE7B7D139168}
		{E8CB8450-D908-485F-8A30-3BD858CC8821} = {50014439-5E65-1292-BD34-673D8CF5A7F5}
		{D85BD28E-1C7C-49BD-24D2-5AC693026555} = {409E6421-13AC-481F-BE22-7AFE5D278BE3}
		{C6789376-0C15-4007-8C39-233B5F5AC448} = {D85BD28E-1C7C-49BD-24D2-5AC693026555}
		{C479E746-3529-ED7F-AB17-CA4AEBCD3DE0} = {D85BD28E-1C7C-49BD-24D2-5AC693026555}
		{9E62F348-2229-46F4-8675-82A93A4E57A5} = {C479E746-3529-ED7F-AB17-CA4AEBCD3DE0}
		{F0C6A543-F05D-E94F-17FF-5429D1C301B0} = {409E6421-13AC-481F-BE22-7AFE5D278BE3}
		{0F640ED7-378E-460E-BFDC-55BC85D93C86} = {F0C6A543-F05D-E94F-17FF-5429D1C301B0}
		{E5592685-4B5D-ECF2-A783-DD95C6DD5F48} = {F0C6A543-F05D-E94F-17FF-5429D1C301B0}
		{F33AD190-7EB8-499C-B0C5-5A9EF8AC256F} = {E5592685-4B5D-ECF2-A783-DD95C6DD5F48}
		{64C25A76-97A5-795F-A7FE-7C830492684B} = {409E6421-13AC-481F-BE22-7AFE5D278BE3}
		{1FF552FE-A6C0-4CB0-870D-6F5F5D2C4327} = {64C25A76-97A5-795F-A7FE-7C830492684B}
		{8E737B1E-B78B-C06B-5007-B05E449DDA41} = {409E6421-13AC-481F-BE22-7AFE5D278BE3}
		{1984851B-1489-4339-B57B-C16CFFEA5AB6} = {8E737B1E-B78B-C06B-5007-B05E449DDA41}
		{D558B722-8266-111B-295B-C92EB7783521} = {8E737B1E-B78B-C06B-5007-B05E449DDA41}
		{1964782E-077C-4A4E-97A7-88EC2D326FAC} = {D558B722-8266-111B-295B-C92EB7783521}
		{22524570-1785-2A65-2EDA-F103CF35654D} = {1AE8ACA6-933B-BF2A-3671-3E2EAC007D16}
		{E21DD689-77E0-4714-86AD-312BE319A393} = {22524570-1785-2A65-2EDA-F103CF35654D}
		{F5E82241-E5EC-1609-7A00-7B44F4C66B4A} = {B9B6650B-7025-C9C0-BCFD-BDEDF1640D80}
		{56AA9AAB-E741-42E6-B7B3-F3A259567ED4} = {F5E82241-E5EC-1609-7A00-7B44F4C66B4A}
		{AEAE34C6-A9E9-E5B2-B4DD-E82910CDD208} = {B9B6650B-7025-C9C0-BCFD-BDEDF1640D80}
		{FBB6A1E8-8DD2-6267-568F-754D4D5D24EB} = {AEAE34C6-A9E9-E5B2-B4DD-E82910CDD208}
		{37591FF1-1871-4C20-BD99-C808E9C3A512} = {FBB6A1E8-8DD2-6267-568F-754D4D5D24EB}
		{39F814BF-D33F-DC64-E527-5ACD3F0AFE33} = {B9B6650B-7025-C9C0-BCFD-BDEDF1640D80}
		{799DF7D0-E119-4850-899F-662B9F92B084} = {39F814BF-D33F-DC64-E527-5ACD3F0AFE33}
		{F57642F3-C37C-D174-720E-6A6AAD5BEE22} = {1AE8ACA6-933B-BF2A-3671-3E2EAC007D16}
		{0FE0DA9F-5E82-4059-96D7-718F8CDF9F51} = {F57642F3-C37C-D174-720E-6A6AAD5BEE22}
		{A6B0784B-1115-49F5-A589-F00E162CC436} = {F57642F3-C37C-D174-720E-6A6AAD5BEE22}
		{FECC243F-8272-47CD-B2A7-286FE5520C3C} = {F57642F3-C37C-D174-720E-6A6AAD5BEE22}
		{438A78D5-13D9-4838-9DA4-34648FC7E1D8} = {F57642F3-C37C-D174-720E-6A6AAD5BEE22}
	EndGlobalSection
EndGlobal
