
Microsoft Visual Studio Solution File, Format Version 12.00
# Visual Studio Version 17
VisualStudioVersion = 17.5.2.0
MinimumVisualStudioVersion = 10.0.40219.1
Project("{2150E333-8FDC-42A3-9474-1A3956D46DE8}") = "backend", "backend", "{1AE8ACA6-933B-BF2A-3671-3E2EAC007D16}"
EndProject
Project("{2150E333-8FDC-42A3-9474-1A3956D46DE8}") = "services", "services", "{3C755975-A7BD-44BC-C8F9-5B13F14529BF}"
EndProject
Project("{2150E333-8FDC-42A3-9474-1A3956D46DE8}") = "AppHost", "AppHost", "{6F97ADBD-4E5A-2F88-3BC6-C19459E2AF27}"
EndProject
Project("{FAE04EC0-301F-11D3-BF4B-00C04F79EFBC}") = "B2Connect.AppHost", "backend\services\AppHost\B2Connect.AppHost.csproj", "{211618CA-4649-DA1D-B8F4-D0D5BF26B52A}"
EndProject
Project("{2150E333-8FDC-42A3-9474-1A3956D46DE8}") = "ServiceDefaults", "ServiceDefaults", "{957EB5AC-2062-1094-5D19-C416B3FF58F4}"
EndProject
Project("{FAE04EC0-301F-11D3-BF4B-00C04F79EFBC}") = "B2Connect.ServiceDefaults", "backend\services\ServiceDefaults\B2Connect.ServiceDefaults.csproj", "{FFEEFAA5-5005-D33B-5071-021E4D1042D6}"
EndProject
Project("{2150E333-8FDC-42A3-9474-1A3956D46DE8}") = "CatalogService", "CatalogService", "{ECD3E94C-434A-97F8-F138-C5A387A68ADC}"
EndProject
Project("{FAE04EC0-301F-11D3-BF4B-00C04F79EFBC}") = "B2Connect.CatalogService", "backend\services\CatalogService\B2Connect.CatalogService.csproj", "{402A4C3B-868B-4C74-B821-1EE0C7D3FCFF}"
EndProject
Project("{2150E333-8FDC-42A3-9474-1A3956D46DE8}") = "shared", "shared", "{B9B6650B-7025-C9C0-BCFD-BDEDF1640D80}"
EndProject
Project("{2150E333-8FDC-42A3-9474-1A3956D46DE8}") = "types", "types", "{3EF6778D-E632-D2E8-0743-F6F95A27F233}"
EndProject
Project("{FAE04EC0-301F-11D3-BF4B-00C04F79EFBC}") = "B2Connect.Types", "backend\shared\types\B2Connect.Types.csproj", "{EB6C6AC1-3D53-42BC-82D3-94990935C2CE}"
EndProject
Project("{2150E333-8FDC-42A3-9474-1A3956D46DE8}") = "api-gateway", "api-gateway", "{8796D4FA-6EAF-0CA7-6B12-759136C6A85B}"
EndProject
Project("{FAE04EC0-301F-11D3-BF4B-00C04F79EFBC}") = "B2Connect.ApiGateway", "backend\services\api-gateway\B2Connect.ApiGateway.csproj", "{F594B5F5-438F-4D23-BD7F-DA3F3708B9A1}"
EndProject
Project("{2150E333-8FDC-42A3-9474-1A3956D46DE8}") = "utils", "utils", "{42ADA49F-2370-6B87-B2C0-97F01C2E5563}"
EndProject
Project("{FAE04EC0-301F-11D3-BF4B-00C04F79EFBC}") = "B2Connect.Utils", "backend\shared\utils\B2Connect.Utils.csproj", "{8968D39F-5712-43CF-A38E-A63A6F0BABCA}"
EndProject
Project("{2150E333-8FDC-42A3-9474-1A3956D46DE8}") = "middleware", "middleware", "{04619D81-A6B7-9447-1EB0-8BDE0DE0675B}"
EndProject
Project("{FAE04EC0-301F-11D3-BF4B-00C04F79EFBC}") = "B2Connect.Middleware", "backend\shared\middleware\B2Connect.Middleware.csproj", "{D7B04952-3581-4E99-8C6D-51604448636C}"
EndProject
Project("{2150E333-8FDC-42A3-9474-1A3956D46DE8}") = "ThemeService", "ThemeService", "{EB488DC0-D132-1F61-91AB-0EAEA2A8ED48}"
EndProject
Project("{FAE04EC0-301F-11D3-BF4B-00C04F79EFBC}") = "B2Connect.ThemeService", "backend\services\ThemeService\B2Connect.ThemeService.csproj", "{B0191373-D1E4-449E-BED5-E2091D8A5E05}"
EndProject
Project("{2150E333-8FDC-42A3-9474-1A3956D46DE8}") = "LayoutService", "LayoutService", "{0C0AA5D5-9888-EAC6-977F-74B55F96A0AF}"
EndProject
Project("{FAE04EC0-301F-11D3-BF4B-00C04F79EFBC}") = "B2Connect.LayoutService", "backend\services\LayoutService\B2Connect.LayoutService.csproj", "{C8F09006-5EDB-4777-B0D7-776B1395AA6D}"
EndProject
Project("{2150E333-8FDC-42A3-9474-1A3956D46DE8}") = "Tests", "Tests", "{F57642F3-C37C-D174-720E-6A6AAD5BEE22}"
EndProject
Project("{FAE04EC0-301F-11D3-BF4B-00C04F79EFBC}") = "CatalogService.Tests", "backend\Tests\CatalogService.Tests\CatalogService.Tests.csproj", "{97B98C3E-7618-408B-BE82-1F946C3A49E3}"
EndProject
Project("{FAE04EC0-301F-11D3-BF4B-00C04F79EFBC}") = "AuthService.Tests", "backend\Tests\AuthService.Tests\AuthService.Tests.csproj", "{CFFB02AD-E837-4C4C-9A5D-3C346B36F1D2}"
EndProject
Project("{2150E333-8FDC-42A3-9474-1A3956D46DE8}") = "auth-service", "auth-service", "{8EA75AFF-5EC5-DE94-52DE-9C1BECBCB033}"
EndProject
Project("{FAE04EC0-301F-11D3-BF4B-00C04F79EFBC}") = "B2Connect.AuthService", "backend\services\auth-service\B2Connect.AuthService.csproj", "{F95F16D0-0615-4279-9E6A-2D49C7160E21}"
EndProject
Project("{2150E333-8FDC-42A3-9474-1A3956D46DE8}") = "tenant-service", "tenant-service", "{BED47211-9011-4AA4-C29F-9D9F54C815A2}"
EndProject
Project("{FAE04EC0-301F-11D3-BF4B-00C04F79EFBC}") = "B2Connect.TenantService", "backend\services\tenant-service\B2Connect.TenantService.csproj", "{F817C0CE-D2A5-423D-A588-84EDA8411600}"
EndProject
Project("{2150E333-8FDC-42A3-9474-1A3956D46DE8}") = "LocalizationService", "LocalizationService", "{25B945CC-5971-76B3-E08F-4FF734237919}"
EndProject
Project("{FAE04EC0-301F-11D3-BF4B-00C04F79EFBC}") = "B2Connect.LocalizationService", "backend\services\LocalizationService\B2Connect.LocalizationService.csproj", "{A4BF24F4-77EC-49C8-8FE8-8C6CB8C0660D}"
EndProject
Global
	GlobalSection(SolutionConfigurationPlatforms) = preSolution
		Debug|Any CPU = Debug|Any CPU
		Debug|x64 = Debug|x64
		Debug|x86 = Debug|x86
		Release|Any CPU = Release|Any CPU
		Release|x64 = Release|x64
		Release|x86 = Release|x86
	EndGlobalSection
	GlobalSection(ProjectConfigurationPlatforms) = postSolution
		{211618CA-4649-DA1D-B8F4-D0D5BF26B52A}.Debug|Any CPU.ActiveCfg = Debug|Any CPU
		{211618CA-4649-DA1D-B8F4-D0D5BF26B52A}.Debug|Any CPU.Build.0 = Debug|Any CPU
		{211618CA-4649-DA1D-B8F4-D0D5BF26B52A}.Debug|x64.ActiveCfg = Debug|Any CPU
		{211618CA-4649-DA1D-B8F4-D0D5BF26B52A}.Debug|x64.Build.0 = Debug|Any CPU
		{211618CA-4649-DA1D-B8F4-D0D5BF26B52A}.Debug|x86.ActiveCfg = Debug|Any CPU
		{211618CA-4649-DA1D-B8F4-D0D5BF26B52A}.Debug|x86.Build.0 = Debug|Any CPU
		{211618CA-4649-DA1D-B8F4-D0D5BF26B52A}.Release|Any CPU.ActiveCfg = Release|Any CPU
		{211618CA-4649-DA1D-B8F4-D0D5BF26B52A}.Release|Any CPU.Build.0 = Release|Any CPU
		{211618CA-4649-DA1D-B8F4-D0D5BF26B52A}.Release|x64.ActiveCfg = Release|Any CPU
		{211618CA-4649-DA1D-B8F4-D0D5BF26B52A}.Release|x64.Build.0 = Release|Any CPU
		{211618CA-4649-DA1D-B8F4-D0D5BF26B52A}.Release|x86.ActiveCfg = Release|Any CPU
		{211618CA-4649-DA1D-B8F4-D0D5BF26B52A}.Release|x86.Build.0 = Release|Any CPU
		{FFEEFAA5-5005-D33B-5071-021E4D1042D6}.Debug|Any CPU.ActiveCfg = Debug|Any CPU
		{FFEEFAA5-5005-D33B-5071-021E4D1042D6}.Debug|Any CPU.Build.0 = Debug|Any CPU
		{FFEEFAA5-5005-D33B-5071-021E4D1042D6}.Debug|x64.ActiveCfg = Debug|Any CPU
		{FFEEFAA5-5005-D33B-5071-021E4D1042D6}.Debug|x64.Build.0 = Debug|Any CPU
		{FFEEFAA5-5005-D33B-5071-021E4D1042D6}.Debug|x86.ActiveCfg = Debug|Any CPU
		{FFEEFAA5-5005-D33B-5071-021E4D1042D6}.Debug|x86.Build.0 = Debug|Any CPU
		{FFEEFAA5-5005-D33B-5071-021E4D1042D6}.Release|Any CPU.ActiveCfg = Release|Any CPU
		{FFEEFAA5-5005-D33B-5071-021E4D1042D6}.Release|Any CPU.Build.0 = Release|Any CPU
		{FFEEFAA5-5005-D33B-5071-021E4D1042D6}.Release|x64.ActiveCfg = Release|Any CPU
		{FFEEFAA5-5005-D33B-5071-021E4D1042D6}.Release|x64.Build.0 = Release|Any CPU
		{FFEEFAA5-5005-D33B-5071-021E4D1042D6}.Release|x86.ActiveCfg = Release|Any CPU
		{FFEEFAA5-5005-D33B-5071-021E4D1042D6}.Release|x86.Build.0 = Release|Any CPU
		{402A4C3B-868B-4C74-B821-1EE0C7D3FCFF}.Debug|Any CPU.ActiveCfg = Debug|Any CPU
		{402A4C3B-868B-4C74-B821-1EE0C7D3FCFF}.Debug|Any CPU.Build.0 = Debug|Any CPU
		{402A4C3B-868B-4C74-B821-1EE0C7D3FCFF}.Debug|x64.ActiveCfg = Debug|Any CPU
		{402A4C3B-868B-4C74-B821-1EE0C7D3FCFF}.Debug|x64.Build.0 = Debug|Any CPU
		{402A4C3B-868B-4C74-B821-1EE0C7D3FCFF}.Debug|x86.ActiveCfg = Debug|Any CPU
		{402A4C3B-868B-4C74-B821-1EE0C7D3FCFF}.Debug|x86.Build.0 = Debug|Any CPU
		{402A4C3B-868B-4C74-B821-1EE0C7D3FCFF}.Release|Any CPU.ActiveCfg = Release|Any CPU
		{402A4C3B-868B-4C74-B821-1EE0C7D3FCFF}.Release|Any CPU.Build.0 = Release|Any CPU
		{402A4C3B-868B-4C74-B821-1EE0C7D3FCFF}.Release|x64.ActiveCfg = Release|Any CPU
		{402A4C3B-868B-4C74-B821-1EE0C7D3FCFF}.Release|x64.Build.0 = Release|Any CPU
		{402A4C3B-868B-4C74-B821-1EE0C7D3FCFF}.Release|x86.ActiveCfg = Release|Any CPU
		{402A4C3B-868B-4C74-B821-1EE0C7D3FCFF}.Release|x86.Build.0 = Release|Any CPU
		{EB6C6AC1-3D53-42BC-82D3-94990935C2CE}.Debug|Any CPU.ActiveCfg = Debug|Any CPU
		{EB6C6AC1-3D53-42BC-82D3-94990935C2CE}.Debug|Any CPU.Build.0 = Debug|Any CPU
		{EB6C6AC1-3D53-42BC-82D3-94990935C2CE}.Debug|x64.ActiveCfg = Debug|Any CPU
		{EB6C6AC1-3D53-42BC-82D3-94990935C2CE}.Debug|x64.Build.0 = Debug|Any CPU
		{EB6C6AC1-3D53-42BC-82D3-94990935C2CE}.Debug|x86.ActiveCfg = Debug|Any CPU
		{EB6C6AC1-3D53-42BC-82D3-94990935C2CE}.Debug|x86.Build.0 = Debug|Any CPU
		{EB6C6AC1-3D53-42BC-82D3-94990935C2CE}.Release|Any CPU.ActiveCfg = Release|Any CPU
		{EB6C6AC1-3D53-42BC-82D3-94990935C2CE}.Release|Any CPU.Build.0 = Release|Any CPU
		{EB6C6AC1-3D53-42BC-82D3-94990935C2CE}.Release|x64.ActiveCfg = Release|Any CPU
		{EB6C6AC1-3D53-42BC-82D3-94990935C2CE}.Release|x64.Build.0 = Release|Any CPU
		{EB6C6AC1-3D53-42BC-82D3-94990935C2CE}.Release|x86.ActiveCfg = Release|Any CPU
		{EB6C6AC1-3D53-42BC-82D3-94990935C2CE}.Release|x86.Build.0 = Release|Any CPU
		{F594B5F5-438F-4D23-BD7F-DA3F3708B9A1}.Debug|Any CPU.ActiveCfg = Debug|Any CPU
		{F594B5F5-438F-4D23-BD7F-DA3F3708B9A1}.Debug|Any CPU.Build.0 = Debug|Any CPU
		{F594B5F5-438F-4D23-BD7F-DA3F3708B9A1}.Debug|x64.ActiveCfg = Debug|Any CPU
		{F594B5F5-438F-4D23-BD7F-DA3F3708B9A1}.Debug|x64.Build.0 = Debug|Any CPU
		{F594B5F5-438F-4D23-BD7F-DA3F3708B9A1}.Debug|x86.ActiveCfg = Debug|Any CPU
		{F594B5F5-438F-4D23-BD7F-DA3F3708B9A1}.Debug|x86.Build.0 = Debug|Any CPU
		{F594B5F5-438F-4D23-BD7F-DA3F3708B9A1}.Release|Any CPU.ActiveCfg = Release|Any CPU
		{F594B5F5-438F-4D23-BD7F-DA3F3708B9A1}.Release|Any CPU.Build.0 = Release|Any CPU
		{F594B5F5-438F-4D23-BD7F-DA3F3708B9A1}.Release|x64.ActiveCfg = Release|Any CPU
		{F594B5F5-438F-4D23-BD7F-DA3F3708B9A1}.Release|x64.Build.0 = Release|Any CPU
		{F594B5F5-438F-4D23-BD7F-DA3F3708B9A1}.Release|x86.ActiveCfg = Release|Any CPU
		{F594B5F5-438F-4D23-BD7F-DA3F3708B9A1}.Release|x86.Build.0 = Release|Any CPU
		{8968D39F-5712-43CF-A38E-A63A6F0BABCA}.Debug|Any CPU.ActiveCfg = Debug|Any CPU
		{8968D39F-5712-43CF-A38E-A63A6F0BABCA}.Debug|Any CPU.Build.0 = Debug|Any CPU
		{8968D39F-5712-43CF-A38E-A63A6F0BABCA}.Debug|x64.ActiveCfg = Debug|Any CPU
		{8968D39F-5712-43CF-A38E-A63A6F0BABCA}.Debug|x64.Build.0 = Debug|Any CPU
		{8968D39F-5712-43CF-A38E-A63A6F0BABCA}.Debug|x86.ActiveCfg = Debug|Any CPU
		{8968D39F-5712-43CF-A38E-A63A6F0BABCA}.Debug|x86.Build.0 = Debug|Any CPU
		{8968D39F-5712-43CF-A38E-A63A6F0BABCA}.Release|Any CPU.ActiveCfg = Release|Any CPU
		{8968D39F-5712-43CF-A38E-A63A6F0BABCA}.Release|Any CPU.Build.0 = Release|Any CPU
		{8968D39F-5712-43CF-A38E-A63A6F0BABCA}.Release|x64.ActiveCfg = Release|Any CPU
		{8968D39F-5712-43CF-A38E-A63A6F0BABCA}.Release|x64.Build.0 = Release|Any CPU
		{8968D39F-5712-43CF-A38E-A63A6F0BABCA}.Release|x86.ActiveCfg = Release|Any CPU
		{8968D39F-5712-43CF-A38E-A63A6F0BABCA}.Release|x86.Build.0 = Release|Any CPU
		{D7B04952-3581-4E99-8C6D-51604448636C}.Debug|Any CPU.ActiveCfg = Debug|Any CPU
		{D7B04952-3581-4E99-8C6D-51604448636C}.Debug|Any CPU.Build.0 = Debug|Any CPU
		{D7B04952-3581-4E99-8C6D-51604448636C}.Debug|x64.ActiveCfg = Debug|Any CPU
		{D7B04952-3581-4E99-8C6D-51604448636C}.Debug|x64.Build.0 = Debug|Any CPU
		{D7B04952-3581-4E99-8C6D-51604448636C}.Debug|x86.ActiveCfg = Debug|Any CPU
		{D7B04952-3581-4E99-8C6D-51604448636C}.Debug|x86.Build.0 = Debug|Any CPU
		{D7B04952-3581-4E99-8C6D-51604448636C}.Release|Any CPU.ActiveCfg = Release|Any CPU
		{D7B04952-3581-4E99-8C6D-51604448636C}.Release|Any CPU.Build.0 = Release|Any CPU
		{D7B04952-3581-4E99-8C6D-51604448636C}.Release|x64.ActiveCfg = Release|Any CPU
		{D7B04952-3581-4E99-8C6D-51604448636C}.Release|x64.Build.0 = Release|Any CPU
		{D7B04952-3581-4E99-8C6D-51604448636C}.Release|x86.ActiveCfg = Release|Any CPU
		{D7B04952-3581-4E99-8C6D-51604448636C}.Release|x86.Build.0 = Release|Any CPU
		{B0191373-D1E4-449E-BED5-E2091D8A5E05}.Debug|Any CPU.ActiveCfg = Debug|Any CPU
		{B0191373-D1E4-449E-BED5-E2091D8A5E05}.Debug|Any CPU.Build.0 = Debug|Any CPU
		{B0191373-D1E4-449E-BED5-E2091D8A5E05}.Debug|x64.ActiveCfg = Debug|Any CPU
		{B0191373-D1E4-449E-BED5-E2091D8A5E05}.Debug|x64.Build.0 = Debug|Any CPU
		{B0191373-D1E4-449E-BED5-E2091D8A5E05}.Debug|x86.ActiveCfg = Debug|Any CPU
		{B0191373-D1E4-449E-BED5-E2091D8A5E05}.Debug|x86.Build.0 = Debug|Any CPU
		{B0191373-D1E4-449E-BED5-E2091D8A5E05}.Release|Any CPU.ActiveCfg = Release|Any CPU
		{B0191373-D1E4-449E-BED5-E2091D8A5E05}.Release|Any CPU.Build.0 = Release|Any CPU
		{B0191373-D1E4-449E-BED5-E2091D8A5E05}.Release|x64.ActiveCfg = Release|Any CPU
		{B0191373-D1E4-449E-BED5-E2091D8A5E05}.Release|x64.Build.0 = Release|Any CPU
		{B0191373-D1E4-449E-BED5-E2091D8A5E05}.Release|x86.ActiveCfg = Release|Any CPU
		{B0191373-D1E4-449E-BED5-E2091D8A5E05}.Release|x86.Build.0 = Release|Any CPU
		{C8F09006-5EDB-4777-B0D7-776B1395AA6D}.Debug|Any CPU.ActiveCfg = Debug|Any CPU
		{C8F09006-5EDB-4777-B0D7-776B1395AA6D}.Debug|Any CPU.Build.0 = Debug|Any CPU
		{C8F09006-5EDB-4777-B0D7-776B1395AA6D}.Debug|x64.ActiveCfg = Debug|Any CPU
		{C8F09006-5EDB-4777-B0D7-776B1395AA6D}.Debug|x64.Build.0 = Debug|Any CPU
		{C8F09006-5EDB-4777-B0D7-776B1395AA6D}.Debug|x86.ActiveCfg = Debug|Any CPU
		{C8F09006-5EDB-4777-B0D7-776B1395AA6D}.Debug|x86.Build.0 = Debug|Any CPU
		{C8F09006-5EDB-4777-B0D7-776B1395AA6D}.Release|Any CPU.ActiveCfg = Release|Any CPU
		{C8F09006-5EDB-4777-B0D7-776B1395AA6D}.Release|Any CPU.Build.0 = Release|Any CPU
		{C8F09006-5EDB-4777-B0D7-776B1395AA6D}.Release|x64.ActiveCfg = Release|Any CPU
		{C8F09006-5EDB-4777-B0D7-776B1395AA6D}.Release|x64.Build.0 = Release|Any CPU
		{C8F09006-5EDB-4777-B0D7-776B1395AA6D}.Release|x86.ActiveCfg = Release|Any CPU
		{C8F09006-5EDB-4777-B0D7-776B1395AA6D}.Release|x86.Build.0 = Release|Any CPU
		{97B98C3E-7618-408B-BE82-1F946C3A49E3}.Debug|Any CPU.ActiveCfg = Debug|Any CPU
		{97B98C3E-7618-408B-BE82-1F946C3A49E3}.Debug|Any CPU.Build.0 = Debug|Any CPU
		{97B98C3E-7618-408B-BE82-1F946C3A49E3}.Debug|x64.ActiveCfg = Debug|Any CPU
		{97B98C3E-7618-408B-BE82-1F946C3A49E3}.Debug|x64.Build.0 = Debug|Any CPU
		{97B98C3E-7618-408B-BE82-1F946C3A49E3}.Debug|x86.ActiveCfg = Debug|Any CPU
		{97B98C3E-7618-408B-BE82-1F946C3A49E3}.Debug|x86.Build.0 = Debug|Any CPU
		{97B98C3E-7618-408B-BE82-1F946C3A49E3}.Release|Any CPU.ActiveCfg = Release|Any CPU
		{97B98C3E-7618-408B-BE82-1F946C3A49E3}.Release|Any CPU.Build.0 = Release|Any CPU
		{97B98C3E-7618-408B-BE82-1F946C3A49E3}.Release|x64.ActiveCfg = Release|Any CPU
		{97B98C3E-7618-408B-BE82-1F946C3A49E3}.Release|x64.Build.0 = Release|Any CPU
		{97B98C3E-7618-408B-BE82-1F946C3A49E3}.Release|x86.ActiveCfg = Release|Any CPU
		{97B98C3E-7618-408B-BE82-1F946C3A49E3}.Release|x86.Build.0 = Release|Any CPU
		{CFFB02AD-E837-4C4C-9A5D-3C346B36F1D2}.Debug|Any CPU.ActiveCfg = Debug|Any CPU
		{CFFB02AD-E837-4C4C-9A5D-3C346B36F1D2}.Debug|Any CPU.Build.0 = Debug|Any CPU
		{CFFB02AD-E837-4C4C-9A5D-3C346B36F1D2}.Debug|x64.ActiveCfg = Debug|Any CPU
		{CFFB02AD-E837-4C4C-9A5D-3C346B36F1D2}.Debug|x64.Build.0 = Debug|Any CPU
		{CFFB02AD-E837-4C4C-9A5D-3C346B36F1D2}.Debug|x86.ActiveCfg = Debug|Any CPU
		{CFFB02AD-E837-4C4C-9A5D-3C346B36F1D2}.Debug|x86.Build.0 = Debug|Any CPU
		{CFFB02AD-E837-4C4C-9A5D-3C346B36F1D2}.Release|Any CPU.ActiveCfg = Release|Any CPU
		{CFFB02AD-E837-4C4C-9A5D-3C346B36F1D2}.Release|Any CPU.Build.0 = Release|Any CPU
		{CFFB02AD-E837-4C4C-9A5D-3C346B36F1D2}.Release|x64.ActiveCfg = Release|Any CPU
		{CFFB02AD-E837-4C4C-9A5D-3C346B36F1D2}.Release|x64.Build.0 = Release|Any CPU
		{CFFB02AD-E837-4C4C-9A5D-3C346B36F1D2}.Release|x86.ActiveCfg = Release|Any CPU
		{CFFB02AD-E837-4C4C-9A5D-3C346B36F1D2}.Release|x86.Build.0 = Release|Any CPU
		{F95F16D0-0615-4279-9E6A-2D49C7160E21}.Debug|Any CPU.ActiveCfg = Debug|Any CPU
		{F95F16D0-0615-4279-9E6A-2D49C7160E21}.Debug|Any CPU.Build.0 = Debug|Any CPU
		{F95F16D0-0615-4279-9E6A-2D49C7160E21}.Debug|x64.ActiveCfg = Debug|Any CPU
		{F95F16D0-0615-4279-9E6A-2D49C7160E21}.Debug|x64.Build.0 = Debug|Any CPU
		{F95F16D0-0615-4279-9E6A-2D49C7160E21}.Debug|x86.ActiveCfg = Debug|Any CPU
		{F95F16D0-0615-4279-9E6A-2D49C7160E21}.Debug|x86.Build.0 = Debug|Any CPU
		{F95F16D0-0615-4279-9E6A-2D49C7160E21}.Release|Any CPU.ActiveCfg = Release|Any CPU
		{F95F16D0-0615-4279-9E6A-2D49C7160E21}.Release|Any CPU.Build.0 = Release|Any CPU
		{F95F16D0-0615-4279-9E6A-2D49C7160E21}.Release|x64.ActiveCfg = Release|Any CPU
		{F95F16D0-0615-4279-9E6A-2D49C7160E21}.Release|x64.Build.0 = Release|Any CPU
		{F95F16D0-0615-4279-9E6A-2D49C7160E21}.Release|x86.ActiveCfg = Release|Any CPU
		{F95F16D0-0615-4279-9E6A-2D49C7160E21}.Release|x86.Build.0 = Release|Any CPU
		{F817C0CE-D2A5-423D-A588-84EDA8411600}.Debug|Any CPU.ActiveCfg = Debug|Any CPU
		{F817C0CE-D2A5-423D-A588-84EDA8411600}.Debug|Any CPU.Build.0 = Debug|Any CPU
		{F817C0CE-D2A5-423D-A588-84EDA8411600}.Debug|x64.ActiveCfg = Debug|Any CPU
		{F817C0CE-D2A5-423D-A588-84EDA8411600}.Debug|x64.Build.0 = Debug|Any CPU
		{F817C0CE-D2A5-423D-A588-84EDA8411600}.Debug|x86.ActiveCfg = Debug|Any CPU
		{F817C0CE-D2A5-423D-A588-84EDA8411600}.Debug|x86.Build.0 = Debug|Any CPU
		{F817C0CE-D2A5-423D-A588-84EDA8411600}.Release|Any CPU.ActiveCfg = Release|Any CPU
		{F817C0CE-D2A5-423D-A588-84EDA8411600}.Release|Any CPU.Build.0 = Release|Any CPU
		{F817C0CE-D2A5-423D-A588-84EDA8411600}.Release|x64.ActiveCfg = Release|Any CPU
		{F817C0CE-D2A5-423D-A588-84EDA8411600}.Release|x64.Build.0 = Release|Any CPU
		{F817C0CE-D2A5-423D-A588-84EDA8411600}.Release|x86.ActiveCfg = Release|Any CPU
		{F817C0CE-D2A5-423D-A588-84EDA8411600}.Release|x86.Build.0 = Release|Any CPU
		{A4BF24F4-77EC-49C8-8FE8-8C6CB8C0660D}.Debug|Any CPU.ActiveCfg = Debug|Any CPU
		{A4BF24F4-77EC-49C8-8FE8-8C6CB8C0660D}.Debug|Any CPU.Build.0 = Debug|Any CPU
		{A4BF24F4-77EC-49C8-8FE8-8C6CB8C0660D}.Debug|x64.ActiveCfg = Debug|Any CPU
		{A4BF24F4-77EC-49C8-8FE8-8C6CB8C0660D}.Debug|x64.Build.0 = Debug|Any CPU
		{A4BF24F4-77EC-49C8-8FE8-8C6CB8C0660D}.Debug|x86.ActiveCfg = Debug|Any CPU
		{A4BF24F4-77EC-49C8-8FE8-8C6CB8C0660D}.Debug|x86.Build.0 = Debug|Any CPU
		{A4BF24F4-77EC-49C8-8FE8-8C6CB8C0660D}.Release|Any CPU.ActiveCfg = Release|Any CPU
		{A4BF24F4-77EC-49C8-8FE8-8C6CB8C0660D}.Release|Any CPU.Build.0 = Release|Any CPU
		{A4BF24F4-77EC-49C8-8FE8-8C6CB8C0660D}.Release|x64.ActiveCfg = Release|Any CPU
		{A4BF24F4-77EC-49C8-8FE8-8C6CB8C0660D}.Release|x64.Build.0 = Release|Any CPU
		{A4BF24F4-77EC-49C8-8FE8-8C6CB8C0660D}.Release|x86.ActiveCfg = Release|Any CPU
		{A4BF24F4-77EC-49C8-8FE8-8C6CB8C0660D}.Release|x86.Build.0 = Release|Any CPU
	EndGlobalSection
	GlobalSection(SolutionProperties) = preSolution
		HideSolutionNode = FALSE
	EndGlobalSection
	GlobalSection(NestedProjects) = preSolution
		{3C755975-A7BD-44BC-C8F9-5B13F14529BF} = {1AE8ACA6-933B-BF2A-3671-3E2EAC007D16}
		{6F97ADBD-4E5A-2F88-3BC6-C19459E2AF27} = {3C755975-A7BD-44BC-C8F9-5B13F14529BF}
		{211618CA-4649-DA1D-B8F4-D0D5BF26B52A} = {6F97ADBD-4E5A-2F88-3BC6-C19459E2AF27}
		{957EB5AC-2062-1094-5D19-C416B3FF58F4} = {3C755975-A7BD-44BC-C8F9-5B13F14529BF}
		{FFEEFAA5-5005-D33B-5071-021E4D1042D6} = {957EB5AC-2062-1094-5D19-C416B3FF58F4}
		{ECD3E94C-434A-97F8-F138-C5A387A68ADC} = {3C755975-A7BD-44BC-C8F9-5B13F14529BF}
		{402A4C3B-868B-4C74-B821-1EE0C7D3FCFF} = {ECD3E94C-434A-97F8-F138-C5A387A68ADC}
		{B9B6650B-7025-C9C0-BCFD-BDEDF1640D80} = {1AE8ACA6-933B-BF2A-3671-3E2EAC007D16}
		{3EF6778D-E632-D2E8-0743-F6F95A27F233} = {B9B6650B-7025-C9C0-BCFD-BDEDF1640D80}
		{EB6C6AC1-3D53-42BC-82D3-94990935C2CE} = {3EF6778D-E632-D2E8-0743-F6F95A27F233}
		{8796D4FA-6EAF-0CA7-6B12-759136C6A85B} = {3C755975-A7BD-44BC-C8F9-5B13F14529BF}
		{F594B5F5-438F-4D23-BD7F-DA3F3708B9A1} = {8796D4FA-6EAF-0CA7-6B12-759136C6A85B}
		{42ADA49F-2370-6B87-B2C0-97F01C2E5563} = {B9B6650B-7025-C9C0-BCFD-BDEDF1640D80}
		{8968D39F-5712-43CF-A38E-A63A6F0BABCA} = {42ADA49F-2370-6B87-B2C0-97F01C2E5563}
		{04619D81-A6B7-9447-1EB0-8BDE0DE0675B} = {B9B6650B-7025-C9C0-BCFD-BDEDF1640D80}
		{D7B04952-3581-4E99-8C6D-51604448636C} = {04619D81-A6B7-9447-1EB0-8BDE0DE0675B}
		{EB488DC0-D132-1F61-91AB-0EAEA2A8ED48} = {3C755975-A7BD-44BC-C8F9-5B13F14529BF}
		{B0191373-D1E4-449E-BED5-E2091D8A5E05} = {EB488DC0-D132-1F61-91AB-0EAEA2A8ED48}
		{0C0AA5D5-9888-EAC6-977F-74B55F96A0AF} = {3C755975-A7BD-44BC-C8F9-5B13F14529BF}
		{C8F09006-5EDB-4777-B0D7-776B1395AA6D} = {0C0AA5D5-9888-EAC6-977F-74B55F96A0AF}
		{F57642F3-C37C-D174-720E-6A6AAD5BEE22} = {1AE8ACA6-933B-BF2A-3671-3E2EAC007D16}
		{97B98C3E-7618-408B-BE82-1F946C3A49E3} = {F57642F3-C37C-D174-720E-6A6AAD5BEE22}
		{CFFB02AD-E837-4C4C-9A5D-3C346B36F1D2} = {F57642F3-C37C-D174-720E-6A6AAD5BEE22}
		{8EA75AFF-5EC5-DE94-52DE-9C1BECBCB033} = {3C755975-A7BD-44BC-C8F9-5B13F14529BF}
		{F95F16D0-0615-4279-9E6A-2D49C7160E21} = {8EA75AFF-5EC5-DE94-52DE-9C1BECBCB033}
		{BED47211-9011-4AA4-C29F-9D9F54C815A2} = {3C755975-A7BD-44BC-C8F9-5B13F14529BF}
		{F817C0CE-D2A5-423D-A588-84EDA8411600} = {BED47211-9011-4AA4-C29F-9D9F54C815A2}
		{25B945CC-5971-76B3-E08F-4FF734237919} = {3C755975-A7BD-44BC-C8F9-5B13F14529BF}
		{A4BF24F4-77EC-49C8-8FE8-8C6CB8C0660D} = {25B945CC-5971-76B3-E08F-4FF734237919}
	EndGlobalSection
	GlobalSection(ExtensibilityGlobals) = postSolution
		SolutionGuid = {5053B610-5D34-4093-8095-21F595F92F04}
	EndGlobalSection
EndGlobal
