<Solution>
  <Folder Name="/backend/" />
  <Folder Name="/backend/BoundedContexts/" />
  <Folder Name="/backend/BoundedContexts/Admin/" />
  <Folder Name="/backend/BoundedContexts/Admin/API/">
    <Project Path="backend/BoundedContexts/Admin/API/B2Connect.Admin.csproj" />
  </Folder>
  <Folder Name="/backend/BoundedContexts/Shared/" />
  <Folder Name="/backend/BoundedContexts/Shared/Identity/">
    <Project Path="backend/BoundedContexts/Shared/Identity/B2Connect.Identity.API.csproj" />
  </Folder>
  <Folder Name="/backend/BoundedContexts/Shared/Identity/tests/">
    <Project Path="backend/BoundedContexts/Shared/Identity/tests/B2Connect.Identity.Tests.csproj" />
  </Folder>
  <Folder Name="/backend/BoundedContexts/Shared/Search/">
    <Project Path="backend/BoundedContexts/Shared/Search/B2Connect.Shared.Search.csproj" />
  </Folder>
  <Folder Name="/backend/BoundedContexts/Shared/Search/tests/">
    <Project Path="backend/BoundedContexts/Shared/Search/tests/B2Connect.Shared.Search.Tests.csproj" />
  </Folder>
  <Folder Name="/backend/BoundedContexts/Shared/Tenancy/">
    <Project Path="backend/BoundedContexts/Shared/Tenancy/B2Connect.Tenancy.API.csproj" />
  </Folder>
  <Folder Name="/backend/BoundedContexts/Store/" />
  <Folder Name="/backend/BoundedContexts/Store/API/">
    <Project Path="backend/BoundedContexts/Store/API/B2Connect.Store.csproj" />
  </Folder>
  <Folder Name="/backend/BoundedContexts/Store/Catalog/">
    <Project Path="backend/BoundedContexts/Store/Catalog/B2Connect.Catalog.API.csproj" />
  </Folder>
  <Folder Name="/backend/BoundedContexts/Store/Catalog/tests/">
    <Project Path="backend/BoundedContexts/Store/Catalog/tests/B2Connect.Catalog.Tests.csproj" />
  </Folder>
  <Folder Name="/backend/BoundedContexts/Store/CMS/">
    <Project Path="backend/BoundedContexts/Store/CMS/B2Connect.CMS.csproj" />
  </Folder>
  <Folder Name="/backend/BoundedContexts/Store/CMS/tests/">
    <Project Path="backend/BoundedContexts/Store/CMS/tests/B2Connect.CMS.Tests.csproj" />
  </Folder>
  <Folder Name="/backend/BoundedContexts/Store/Localization/">
    <Project Path="backend/BoundedContexts/Store/Localization/B2Connect.Localization.API.csproj" />
  </Folder>
  <Folder Name="/backend/BoundedContexts/Store/Localization/tests/">
    <Project Path="backend/BoundedContexts/Store/Localization/tests/B2Connect.Localization.Tests.csproj" />
  </Folder>
  <Folder Name="/backend/BoundedContexts/Store/Store.Service/">
    <Project Path="backend/BoundedContexts/Store/Store.Service/B2Connect.Store.csproj" />
  </Folder>
  <Folder Name="/backend/BoundedContexts/Store/Theming/">
    <Project Path="backend/BoundedContexts/Store/Theming/B2Connect.Theming.API.csproj" />
  </Folder>
  <Folder Name="/backend/BoundedContexts/Store/Theming/Layout/">
    <Project Path="backend/BoundedContexts/Store/Theming/Layout/B2Connect.Theming.Layout.csproj" />
  </Folder>
  <Folder Name="/backend/Orchestration/">
    <Project Path="backend/Orchestration/B2Connect.Orchestration.csproj" />
  </Folder>
  <Folder Name="/backend/ServiceDefaults/">
    <Project Path="backend/ServiceDefaults/B2Connect.ServiceDefaults.csproj" />
  </Folder>
  <Folder Name="/backend/shared/">
    <Project Path="backend/shared/B2Connect.Shared.Core/B2Connect.Shared.Core.csproj" />
    <Project Path="backend/shared/B2Connect.Shared.Infrastructure/B2Connect.Shared.Infrastructure.csproj" />
    <Project Path="backend/shared/B2Connect.Shared.Messaging/B2Connect.Shared.Messaging.csproj" />
    <Project Path="backend/shared/B2Connect.Shared.Search/B2Connect.Shared.Search.csproj" />
  </Folder>
  <Folder Name="/backend/shared/B2Connect.Shared.Extensions/">
    <Project Path="backend/shared/B2Connect.Shared.Extensions/B2Connect.Shared.Tools.csproj" />
  </Folder>
  <Folder Name="/backend/shared/kernel/">
    <Project Path="backend/shared/kernel/B2Connect.Shared.Kernel.csproj" />
  </Folder>
  <Folder Name="/backend/shared/middleware/">
    <Project Path="backend/shared/middleware/B2Connect.Shared.Middleware.csproj" />
  </Folder>
  <Folder Name="/backend/shared/tools/">
    <Project Path="backend/shared/tools/B2Connect.Shared.Tools.csproj" />
  </Folder>
  <Folder Name="/backend/shared/types/">
    <Project Path="backend/shared/types/B2Connect.Types.csproj" />
  </Folder>
  <Folder Name="/backend/shared/utils/">
    <Project Path="backend/shared/utils/B2Connect.Utils.csproj" />
  </Folder>
  <Folder Name="/backend/Tests/">
    <Project Path="backend/Tests/B2Connect.Catalog.Tests/B2Connect.Catalog.Tests.csproj" />
    <Project Path="backend/Tests/B2Connect.CMS.Tests/B2Connect.CMS.Tests.csproj" />
    <Project Path="backend/Tests/B2Connect.Identity.Tests/B2Connect.Identity.Tests.csproj" />
    <Project Path="backend/Tests/B2Connect.Shared.Search.Tests/B2Connect.Shared.Search.Tests.csproj" />
  </Folder>
  <Folder Name="/tests/">
    <Project Path="backend/shared/B2Connect.Shared.Infrastructure/tests/B2Connect.Shared.Infrastructure.Tests.csproj" />
  </Folder>
</Solution>
